// !$*UTF8*$!
{
	archiveVersion = 1;
	classes = {
	};
	objectVersion = 46;
	objects = {

/* Begin PBXBuildFile section */
		D2512E1917CB20EE00FEA535 /* GHRootViewController.m in Sources */ = {isa = PBXBuildFile; fileRef = D2512E1817CB20EE00FEA535 /* GHRootViewController.m */; };
		D2512E1C17CB20FB00FEA535 /* Globle.m in Sources */ = {isa = PBXBuildFile; fileRef = D2512E1B17CB20FB00FEA535 /* Globle.m */; };
		DB0CF1DF18C8CE1E00943A15 /* Backgroundh.png in Resources */ = {isa = PBXBuildFile; fileRef = DB0CF1DD18C8CE1E00943A15 /* Backgroundh.png */; };
		DB0CF1E018C8CE1E00943A15 /* Backgroundh@2x.png in Resources */ = {isa = PBXBuildFile; fileRef = DB0CF1DE18C8CE1E00943A15 /* Backgroundh@2x.png */; };
		DB0CF1E318C8CFF200943A15 /* tb-current.png in Resources */ = {isa = PBXBuildFile; fileRef = DB0CF1E118C8CFF200943A15 /* tb-current.png */; };
		DB0CF1E418C8CFF200943A15 /* tb-current@2x.png in Resources */ = {isa = PBXBuildFile; fileRef = DB0CF1E218C8CFF200943A15 /* tb-current@2x.png */; };
		DB0CF1E718C8D2E700943A15 /* Advance.png in Resources */ = {isa = PBXBuildFile; fileRef = DB0CF1E518C8D2E700943A15 /* Advance.png */; };
		DB0CF1E818C8D2E700943A15 /* Advance@2x.png in Resources */ = {isa = PBXBuildFile; fileRef = DB0CF1E618C8D2E700943A15 /* Advance@2x.png */; };
		DB0CF1F718C90AEE00943A15 /* MJRefresh.bundle in Resources */ = {isa = PBXBuildFile; fileRef = DB0CF1ED18C90AEE00943A15 /* MJRefresh.bundle */; };
		DB0CF1F818C90AEE00943A15 /* MJRefreshBaseView.m in Sources */ = {isa = PBXBuildFile; fileRef = DB0CF1F018C90AEE00943A15 /* MJRefreshBaseView.m */; };
		DB0CF1F918C90AEE00943A15 /* MJRefreshConst.m in Sources */ = {isa = PBXBuildFile; fileRef = DB0CF1F218C90AEE00943A15 /* MJRefreshConst.m */; };
		DB0CF1FA18C90AEE00943A15 /* MJRefreshFooterView.m in Sources */ = {isa = PBXBuildFile; fileRef = DB0CF1F418C90AEE00943A15 /* MJRefreshFooterView.m */; };
		DB0CF1FB18C90AEE00943A15 /* MJRefreshHeaderView.m in Sources */ = {isa = PBXBuildFile; fileRef = DB0CF1F618C90AEE00943A15 /* MJRefreshHeaderView.m */; };
		DB0CF20118CBB97900943A15 /* DataViewController.m in Sources */ = {isa = PBXBuildFile; fileRef = DB0CF20018CBB97900943A15 /* DataViewController.m */; };
		DB0CF20418CBC47400943A15 /* LineLayout.m in Sources */ = {isa = PBXBuildFile; fileRef = DB0CF20318CBC47400943A15 /* LineLayout.m */; };
		DB0CF20718CBC4B800943A15 /* dataCell.m in Sources */ = {isa = PBXBuildFile; fileRef = DB0CF20618CBC4B800943A15 /* dataCell.m */; };
		DB0CF20A18CD22B000943A15 /* add.png in Resources */ = {isa = PBXBuildFile; fileRef = DB0CF20818CD22B000943A15 /* add.png */; };
		DB0CF20B18CD22B000943A15 /* add@2x.png in Resources */ = {isa = PBXBuildFile; fileRef = DB0CF20918CD22B000943A15 /* add@2x.png */; };
		DB1B29D819F2C79200994ABD /* article.png in Resources */ = {isa = PBXBuildFile; fileRef = DB1B29D719F2C79200994ABD /* article.png */; };
		DB2A232F19F00DC80026BCE1 /* NewsViewController.m in Sources */ = {isa = PBXBuildFile; fileRef = DB2A232D19F00DC80026BCE1 /* NewsViewController.m */; };
		DB2A233019F00DC80026BCE1 /* NewsViewController.xib in Resources */ = {isa = PBXBuildFile; fileRef = DB2A232E19F00DC80026BCE1 /* NewsViewController.xib */; };
		DB2A233319F0524B0026BCE1 /* UIViewController+AGExtension.m in Sources */ = {isa = PBXBuildFile; fileRef = DB2A233219F0524B0026BCE1 /* UIViewController+AGExtension.m */; };
		DB2C2AD917CD76250087C64C /* HomeTabViewController.m in Sources */ = {isa = PBXBuildFile; fileRef = DB2C2AD817CD76250087C64C /* HomeTabViewController.m */; };
		DB2C2AE217CD79710087C64C /* DMFilterView.m in Sources */ = {isa = PBXBuildFile; fileRef = DB2C2ADF17CD79710087C64C /* DMFilterView.m */; };
		DB3CE94917CD9E79005C58E9 /* MDSlideNavigationViewController.m in Sources */ = {isa = PBXBuildFile; fileRef = DB3CE94817CD9E79005C58E9 /* MDSlideNavigationViewController.m */; };
		DB3CE94C17CDBAB8005C58E9 /* SearchViewController.m in Sources */ = {isa = PBXBuildFile; fileRef = DB3CE94B17CDBAB8005C58E9 /* SearchViewController.m */; };
		DB3CE95017CDBB1B005C58E9 /* TFIndicatorView.m in Sources */ = {isa = PBXBuildFile; fileRef = DB3CE94F17CDBB1B005C58E9 /* TFIndicatorView.m */; };
		DB6409D0178C8E780074E77C /* Background.png in Resources */ = {isa = PBXBuildFile; fileRef = DB64097F178C8E780074E77C /* Background.png */; };
		DB6409D1178C8E780074E77C /* Background@2x.png in Resources */ = {isa = PBXBuildFile; fileRef = DB640980178C8E780074E77C /* Background@2x.png */; };
		DB6409E2178C8E780074E77C /* IconPlaceholder.png in Resources */ = {isa = PBXBuildFile; fileRef = DB640991178C8E780074E77C /* IconPlaceholder.png */; };
		DB6409F0178C8E780074E77C /* Refresh.png in Resources */ = {isa = PBXBuildFile; fileRef = DB64099F178C8E780074E77C /* Refresh.png */; };
		DB6409F1178C8E780074E77C /* Refresh@2x.png in Resources */ = {isa = PBXBuildFile; fileRef = DB6409A0178C8E780074E77C /* Refresh@2x.png */; };
		DB6409F2178C8E780074E77C /* Retreat.png in Resources */ = {isa = PBXBuildFile; fileRef = DB6409A1178C8E780074E77C /* Retreat.png */; };
		DB6409F3178C8E780074E77C /* Retreat@2x.png in Resources */ = {isa = PBXBuildFile; fileRef = DB6409A2178C8E780074E77C /* Retreat@2x.png */; };
		DB6409F4178C8E780074E77C /* Return.png in Resources */ = {isa = PBXBuildFile; fileRef = DB6409A3178C8E780074E77C /* Return.png */; };
		DB6409F5178C8E780074E77C /* Return@2x.png in Resources */ = {isa = PBXBuildFile; fileRef = DB6409A4178C8E780074E77C /* Return@2x.png */; };
		DB6409F6178C8E780074E77C /* search.png in Resources */ = {isa = PBXBuildFile; fileRef = DB6409A5178C8E780074E77C /* search.png */; };
		DB6409F7178C8E780074E77C /* search@2x.png in Resources */ = {isa = PBXBuildFile; fileRef = DB6409A6178C8E780074E77C /* search@2x.png */; };
		DB640A00178C8E780074E77C /* top.png in Resources */ = {isa = PBXBuildFile; fileRef = DB6409AF178C8E780074E77C /* top.png */; };
		DB640A01178C8E780074E77C /* top@2x.png in Resources */ = {isa = PBXBuildFile; fileRef = DB6409B0178C8E780074E77C /* top@2x.png */; };
		DB6411B817F475A700EA650B /* tabbarbg.png in Resources */ = {isa = PBXBuildFile; fileRef = DB6411B617F475A700EA650B /* tabbarbg.png */; };
		DB6411B917F475A700EA650B /* tabbarbg@2x.png in Resources */ = {isa = PBXBuildFile; fileRef = DB6411B717F475A700EA650B /* tabbarbg@2x.png */; };
		DB7831A71A56142300C7E1A8 /* Image.xcassets in Resources */ = {isa = PBXBuildFile; fileRef = DB7831A61A56142300C7E1A8 /* Image.xcassets */; };
		DB890CB617CF2C3D0090EB4C /* Subcategories-pressed.png in Resources */ = {isa = PBXBuildFile; fileRef = DB890CB017CF2C3D0090EB4C /* Subcategories-pressed.png */; };
		DB890CB717CF2C3D0090EB4C /* Subcategories-pressed@2x.png in Resources */ = {isa = PBXBuildFile; fileRef = DB890CB117CF2C3D0090EB4C /* Subcategories-pressed@2x.png */; };
		DB890CB817CF2C3D0090EB4C /* Subcategories.png in Resources */ = {isa = PBXBuildFile; fileRef = DB890CB217CF2C3D0090EB4C /* Subcategories.png */; };
		DB890CB917CF2C3D0090EB4C /* Subcategories@2x.png in Resources */ = {isa = PBXBuildFile; fileRef = DB890CB317CF2C3D0090EB4C /* Subcategories@2x.png */; };
		DB890CBC17CF4CB60090EB4C /* HomeViewCell.m in Sources */ = {isa = PBXBuildFile; fileRef = DB890CBB17CF4CB60090EB4C /* HomeViewCell.m */; };
		DB997BDF17F5EDDF000145EC /* tb-icon-four.png in Resources */ = {isa = PBXBuildFile; fileRef = DB997BD717F5EDDF000145EC /* tb-icon-four.png */; };
		DB997BE017F5EDDF000145EC /* tb-icon-four@2x.png in Resources */ = {isa = PBXBuildFile; fileRef = DB997BD817F5EDDF000145EC /* tb-icon-four@2x.png */; };
		DB997BE117F5EDDF000145EC /* tb-icon-one.png in Resources */ = {isa = PBXBuildFile; fileRef = DB997BD917F5EDDF000145EC /* tb-icon-one.png */; };
		DB997BE217F5EDDF000145EC /* tb-icon-one@2x.png in Resources */ = {isa = PBXBuildFile; fileRef = DB997BDA17F5EDDF000145EC /* tb-icon-one@2x.png */; };
		DB997BE317F5EDDF000145EC /* tb-icon-three.png in Resources */ = {isa = PBXBuildFile; fileRef = DB997BDB17F5EDDF000145EC /* tb-icon-three.png */; };
		DB997BE417F5EDDF000145EC /* tb-icon-three@2x.png in Resources */ = {isa = PBXBuildFile; fileRef = DB997BDC17F5EDDF000145EC /* tb-icon-three@2x.png */; };
		DB997BE517F5EDDF000145EC /* tb-icon-two.png in Resources */ = {isa = PBXBuildFile; fileRef = DB997BDD17F5EDDF000145EC /* tb-icon-two.png */; };
		DB997BE617F5EDDF000145EC /* tb-icon-two@2x.png in Resources */ = {isa = PBXBuildFile; fileRef = DB997BDE17F5EDDF000145EC /* tb-icon-two@2x.png */; };
		DB9BA936176279DB0058168B /* HomeViewController.m in Sources */ = {isa = PBXBuildFile; fileRef = DB9BA935176279DB0058168B /* HomeViewController.m */; };
		DB9BB61819ED9B0100FCFCCA /* Icon.xcassets in Resources */ = {isa = PBXBuildFile; fileRef = DB9BB61719ED9B0100FCFCCA /* Icon.xcassets */; };
		DB9E857C1743B5FE00B0DFE4 /* AppDataSouce.m in Sources */ = {isa = PBXBuildFile; fileRef = DB9E857B1743B5FE00B0DFE4 /* AppDataSouce.m */; };
		DB9E9FD216F2325500ED6B61 /* iVersion.bundle in Resources */ = {isa = PBXBuildFile; fileRef = DB9E9FCF16F2325500ED6B61 /* iVersion.bundle */; };
		DB9E9FD316F2325500ED6B61 /* iVersion.m in Sources */ = {isa = PBXBuildFile; fileRef = DB9E9FD116F2325500ED6B61 /* iVersion.m */; };
		DB9EAB551763BEEA00D870B1 /* HMSideMenu.m in Sources */ = {isa = PBXBuildFile; fileRef = DB9EAB541763BEEA00D870B1 /* HMSideMenu.m */; };
		DB9EDD9D16E7B54D005C4CAC /* appgame.html in Resources */ = {isa = PBXBuildFile; fileRef = DB9EDD9C16E7B54D005C4CAC /* appgame.html */; };
		DB9F33DC16F3296400B26B52 /* libPushSDK-Simulator.a in Frameworks */ = {isa = PBXBuildFile; fileRef = DB9F33DA16F3296400B26B52 /* libPushSDK-Simulator.a */; };
		DB9F33DD16F3296400B26B52 /* libPushSDK.a in Frameworks */ = {isa = PBXBuildFile; fileRef = DB9F33DB16F3296400B26B52 /* libPushSDK.a */; };
		DB9F33DF16F3297C00B26B52 /* CFNetwork.framework in Frameworks */ = {isa = PBXBuildFile; fileRef = DB9F33DE16F3297C00B26B52 /* CFNetwork.framework */; };
		DB9F33E116F3299300B26B52 /* CoreFoundation.framework in Frameworks */ = {isa = PBXBuildFile; fileRef = DB9F33E016F3299300B26B52 /* CoreFoundation.framework */; };
		DB9F33E316F3299F00B26B52 /* CoreTelephony.framework in Frameworks */ = {isa = PBXBuildFile; fileRef = DB9F33E216F3299F00B26B52 /* CoreTelephony.framework */; };
		DB9F33E516F32C7000B26B52 /* PushConfig.plist in Resources */ = {isa = PBXBuildFile; fileRef = DB9F33E416F32C7000B26B52 /* PushConfig.plist */; };
		DB9F48681757BEE2002F9C29 /* libicucore.dylib in Frameworks */ = {isa = PBXBuildFile; fileRef = DB9F48671757BEE2002F9C29 /* libicucore.dylib */; };
		DB9F83261765113C00296CC8 /* VerticalSwipeScrollView.m in Sources */ = {isa = PBXBuildFile; fileRef = DB9F83251765113C00296CC8 /* VerticalSwipeScrollView.m */; };
		DB9F83291765293500296CC8 /* PullArrow.png in Resources */ = {isa = PBXBuildFile; fileRef = DB9F83271765293500296CC8 /* PullArrow.png */; };
		DB9F832A1765293500296CC8 /* PullArrow@2x.png in Resources */ = {isa = PBXBuildFile; fileRef = DB9F83281765293500296CC8 /* PullArrow@2x.png */; };
		DB9F832D176535C000296CC8 /* DetailViewController.m in Sources */ = {isa = PBXBuildFile; fileRef = DB9F832C176535C000296CC8 /* DetailViewController.m */; };
		DB9FD82D16E228C800F206AE /* ArticleItem.m in Sources */ = {isa = PBXBuildFile; fileRef = DB9FD82C16E228C800F206AE /* ArticleItem.m */; };
		DB9FD83016E240F800F206AE /* ArticleItemCell.m in Sources */ = {isa = PBXBuildFile; fileRef = DB9FD82F16E240F800F206AE /* ArticleItemCell.m */; };
		DB9FD84716E26AE200F206AE /* AFHTTPClient.m in Sources */ = {isa = PBXBuildFile; fileRef = DB9FD83316E26AE200F206AE /* AFHTTPClient.m */; };
		DB9FD84816E26AE200F206AE /* AFHTTPRequestOperation.m in Sources */ = {isa = PBXBuildFile; fileRef = DB9FD83516E26AE200F206AE /* AFHTTPRequestOperation.m */; };
		DB9FD84916E26AE200F206AE /* AFImageRequestOperation.m in Sources */ = {isa = PBXBuildFile; fileRef = DB9FD83716E26AE200F206AE /* AFImageRequestOperation.m */; };
		DB9FD84A16E26AE200F206AE /* AFJSONRequestOperation.m in Sources */ = {isa = PBXBuildFile; fileRef = DB9FD83916E26AE200F206AE /* AFJSONRequestOperation.m */; };
		DB9FD84B16E26AE200F206AE /* AFNetworkActivityIndicatorManager.m in Sources */ = {isa = PBXBuildFile; fileRef = DB9FD83B16E26AE200F206AE /* AFNetworkActivityIndicatorManager.m */; };
		DB9FD84C16E26AE200F206AE /* AFOAuth2Client.m in Sources */ = {isa = PBXBuildFile; fileRef = DB9FD83E16E26AE200F206AE /* AFOAuth2Client.m */; };
		DB9FD84D16E26AE200F206AE /* AFPropertyListRequestOperation.m in Sources */ = {isa = PBXBuildFile; fileRef = DB9FD84016E26AE200F206AE /* AFPropertyListRequestOperation.m */; };
		DB9FD84E16E26AE200F206AE /* AFURLConnectionOperation.m in Sources */ = {isa = PBXBuildFile; fileRef = DB9FD84216E26AE200F206AE /* AFURLConnectionOperation.m */; };
		DB9FD84F16E26AE200F206AE /* AFXMLRequestOperation.m in Sources */ = {isa = PBXBuildFile; fileRef = DB9FD84416E26AE200F206AE /* AFXMLRequestOperation.m */; };
		DB9FD85016E26AE200F206AE /* UIImageView+AFNetworking.m in Sources */ = {isa = PBXBuildFile; fileRef = DB9FD84616E26AE200F206AE /* UIImageView+AFNetworking.m */; };
		DB9FD85216E26B4300F206AE /* Security.framework in Frameworks */ = {isa = PBXBuildFile; fileRef = DB9FD85116E26B4300F206AE /* Security.framework */; };
		DB9FD85416E2863300F206AE /* SystemConfiguration.framework in Frameworks */ = {isa = PBXBuildFile; fileRef = DB9FD85316E2863300F206AE /* SystemConfiguration.framework */; };
		DB9FD85616E2863A00F206AE /* MobileCoreServices.framework in Frameworks */ = {isa = PBXBuildFile; fileRef = DB9FD85516E2863A00F206AE /* MobileCoreServices.framework */; };
		DB9FD85C16E2885900F206AE /* RSSItem.m in Sources */ = {isa = PBXBuildFile; fileRef = DB9FD85916E2885900F206AE /* RSSItem.m */; };
		DB9FD85D16E2885900F206AE /* RSSParser.m in Sources */ = {isa = PBXBuildFile; fileRef = DB9FD85B16E2885900F206AE /* RSSParser.m */; };
		DBA0154D16D8AF89007B2AE5 /* UIKit.framework in Frameworks */ = {isa = PBXBuildFile; fileRef = DBA0154C16D8AF89007B2AE5 /* UIKit.framework */; };
		DBA0154F16D8AF89007B2AE5 /* Foundation.framework in Frameworks */ = {isa = PBXBuildFile; fileRef = DBA0154E16D8AF89007B2AE5 /* Foundation.framework */; };
		DBA0155116D8AF89007B2AE5 /* CoreGraphics.framework in Frameworks */ = {isa = PBXBuildFile; fileRef = DBA0155016D8AF89007B2AE5 /* CoreGraphics.framework */; };
		DBA0155716D8AF89007B2AE5 /* InfoPlist.strings in Resources */ = {isa = PBXBuildFile; fileRef = DBA0155516D8AF89007B2AE5 /* InfoPlist.strings */; };
		DBA0155916D8AF89007B2AE5 /* main.m in Sources */ = {isa = PBXBuildFile; fileRef = DBA0155816D8AF89007B2AE5 /* main.m */; };
		DBA0155D16D8AF89007B2AE5 /* AppDelegate.m in Sources */ = {isa = PBXBuildFile; fileRef = DBA0155C16D8AF89007B2AE5 /* AppDelegate.m */; };
		DBA0160616D8B0B7007B2AE5 /* SVModalWebViewController.m in Sources */ = {isa = PBXBuildFile; fileRef = DBA015B416D8B0B7007B2AE5 /* SVModalWebViewController.m */; };
		DBA0160716D8B0B7007B2AE5 /* SVWebViewController.bundle in Resources */ = {isa = PBXBuildFile; fileRef = DBA015B516D8B0B7007B2AE5 /* SVWebViewController.bundle */; };
		DBA0160816D8B0B7007B2AE5 /* SVWebViewController.m in Sources */ = {isa = PBXBuildFile; fileRef = DBA015B716D8B0B7007B2AE5 /* SVWebViewController.m */; };
		DBA0160F16D8B0FE007B2AE5 /* QuartzCore.framework in Frameworks */ = {isa = PBXBuildFile; fileRef = DBA0160E16D8B0FE007B2AE5 /* QuartzCore.framework */; };
		DBA0161116D8B104007B2AE5 /* MessageUI.framework in Frameworks */ = {isa = PBXBuildFile; fileRef = DBA0161016D8B104007B2AE5 /* MessageUI.framework */; };
		DBA2CA7617991B1100E75420 /* AudioToolbox.framework in Frameworks */ = {isa = PBXBuildFile; fileRef = DBA2CA7517991B1100E75420 /* AudioToolbox.framework */; };
		DBA2CA7817991B3A00E75420 /* MediaPlayer.framework in Frameworks */ = {isa = PBXBuildFile; fileRef = DBA2CA7717991B3A00E75420 /* MediaPlayer.framework */; };
		DBA2CA7A17991B4200E75420 /* AVFoundation.framework in Frameworks */ = {isa = PBXBuildFile; fileRef = DBA2CA7917991B4200E75420 /* AVFoundation.framework */; };
		DBA2CA7F17992BEE00E75420 /* CoreMedia.framework in Frameworks */ = {isa = PBXBuildFile; fileRef = DBA2CA7E17992BEE00E75420 /* CoreMedia.framework */; };
		DBA47D9A17896B34004DE89E /* AKSegmentedControl.m in Sources */ = {isa = PBXBuildFile; fileRef = DBA47D8717896B34004DE89E /* AKSegmentedControl.m */; };
		DBA7AC6217F098DA003FD892 /* UIColor+Hex.m in Sources */ = {isa = PBXBuildFile; fileRef = DBA7AC4D17F098DA003FD892 /* UIColor+Hex.m */; };
		DBA7AC6317F098DA003FD892 /* UIView+InnerShadow.m in Sources */ = {isa = PBXBuildFile; fileRef = DBA7AC4F17F098DA003FD892 /* UIView+InnerShadow.m */; };
		DBA7AC6417F098DA003FD892 /* UIView+Positioning.m in Sources */ = {isa = PBXBuildFile; fileRef = DBA7AC5117F098DA003FD892 /* UIView+Positioning.m */; };
		DBA7AC6517F098DA003FD892 /* UIView+Size.m in Sources */ = {isa = PBXBuildFile; fileRef = DBA7AC5317F098DA003FD892 /* UIView+Size.m */; };
		DBA7AC6617F098DA003FD892 /* JMSelectionView.m in Sources */ = {isa = PBXBuildFile; fileRef = DBA7AC5617F098DA003FD892 /* JMSelectionView.m */; };
		DBA7AC6717F098DA003FD892 /* JMTabContainer.m in Sources */ = {isa = PBXBuildFile; fileRef = DBA7AC5917F098DA003FD892 /* JMTabContainer.m */; };
		DBA7AC6817F098DA003FD892 /* JMTabItem.m in Sources */ = {isa = PBXBuildFile; fileRef = DBA7AC5B17F098DA003FD892 /* JMTabItem.m */; };
		DBA7AC6917F098DA003FD892 /* JMTabView.m in Sources */ = {isa = PBXBuildFile; fileRef = DBA7AC5D17F098DA003FD892 /* JMTabView.m */; };
		DBA7AC6A17F098DA003FD892 /* BarBackgroundLayer.m in Sources */ = {isa = PBXBuildFile; fileRef = DBA7AC6017F098DA003FD892 /* BarBackgroundLayer.m */; };
		DBA7AC7817F0A68C003FD892 /* IconPlaceholder@2x.png in Resources */ = {isa = PBXBuildFile; fileRef = DBA7AC6D17F0A68C003FD892 /* IconPlaceholder@2x.png */; };
		DBA7AC8A17F0AB0E003FD892 /* CustomBackgroundLayer.m in Sources */ = {isa = PBXBuildFile; fileRef = DBA7AC8317F0AB0E003FD892 /* CustomBackgroundLayer.m */; };
		DBA7AC8B17F0AB0E003FD892 /* CustomNoiseBackgroundView.m in Sources */ = {isa = PBXBuildFile; fileRef = DBA7AC8517F0AB0E003FD892 /* CustomNoiseBackgroundView.m */; };
		DBA7AC8C17F0AB0E003FD892 /* CustomSelectionView.m in Sources */ = {isa = PBXBuildFile; fileRef = DBA7AC8717F0AB0E003FD892 /* CustomSelectionView.m */; };
		DBA7AC8D17F0AB0E003FD892 /* CustomTabItem.m in Sources */ = {isa = PBXBuildFile; fileRef = DBA7AC8917F0AB0E003FD892 /* CustomTabItem.m */; };
		DBBEC3B3181FFF15000EABD3 /* tb-icon-five.png in Resources */ = {isa = PBXBuildFile; fileRef = DBBEC3B1181FFF15000EABD3 /* tb-icon-five.png */; };
		DBBEC3B4181FFF15000EABD3 /* tb-icon-five@2x.png in Resources */ = {isa = PBXBuildFile; fileRef = DBBEC3B2181FFF15000EABD3 /* tb-icon-five@2x.png */; };
		DBC15A14171209AC00967301 /* MapKit.framework in Frameworks */ = {isa = PBXBuildFile; fileRef = DBC15A13171209AB00967301 /* MapKit.framework */; };
		DBC15A16171209B900967301 /* CoreLocation.framework in Frameworks */ = {isa = PBXBuildFile; fileRef = DBC15A15171209B900967301 /* CoreLocation.framework */; };
		DBC5E94D18FC5472005DAB73 /* StoreKit.framework in Frameworks */ = {isa = PBXBuildFile; fileRef = DBC5E94C18FC5472005DAB73 /* StoreKit.framework */; };
		DBDF6C7216E68C0700B07DA9 /* AlerViewManager.m in Sources */ = {isa = PBXBuildFile; fileRef = DBDF6C7116E68C0700B07DA9 /* AlerViewManager.m */; };
		DBE4C0C718DEC9A500B195CB /* AVOSCloud.framework in Frameworks */ = {isa = PBXBuildFile; fileRef = DBE4C0C618DEC9A500B195CB /* AVOSCloud.framework */; };
		DBF11A6017934CF2005EA2C2 /* SearchItemCell.m in Sources */ = {isa = PBXBuildFile; fileRef = DBF11A5F17933D64005EA2C2 /* SearchItemCell.m */; };
		DBF92EAA17D1729300C368A3 /* segWebViewController.m in Sources */ = {isa = PBXBuildFile; fileRef = DBF92EA917D1729300C368A3 /* segWebViewController.m */; };
/* End PBXBuildFile section */

/* Begin PBXFileReference section */
		1D63769ADD9847DEAEC2D2F7 /* libPods.a */ = {isa = PBXFileReference; explicitFileType = archive.ar; includeInIndex = 0; path = libPods.a; sourceTree = BUILT_PRODUCTS_DIR; };
		5946C348808D4D14A5940C67 /* Pods.xcconfig */ = {isa = PBXFileReference; includeInIndex = 1; lastKnownFileType = text.xcconfig; name = Pods.xcconfig; path = Pods/Pods.xcconfig; sourceTree = "<group>"; };
		D2512E1717CB20EE00FEA535 /* GHRootViewController.h */ = {isa = PBXFileReference; fileEncoding = 4; lastKnownFileType = sourcecode.c.h; path = GHRootViewController.h; sourceTree = "<group>"; };
		D2512E1817CB20EE00FEA535 /* GHRootViewController.m */ = {isa = PBXFileReference; fileEncoding = 4; lastKnownFileType = sourcecode.c.objc; path = GHRootViewController.m; sourceTree = "<group>"; };
		D2512E1A17CB20FB00FEA535 /* Globle.h */ = {isa = PBXFileReference; fileEncoding = 4; lastKnownFileType = sourcecode.c.h; path = Globle.h; sourceTree = "<group>"; };
		D2512E1B17CB20FB00FEA535 /* Globle.m */ = {isa = PBXFileReference; fileEncoding = 4; lastKnownFileType = sourcecode.c.objc; path = Globle.m; sourceTree = "<group>"; };
		DB0CF1DD18C8CE1E00943A15 /* Backgroundh.png */ = {isa = PBXFileReference; lastKnownFileType = image.png; path = Backgroundh.png; sourceTree = "<group>"; };
		DB0CF1DE18C8CE1E00943A15 /* Backgroundh@2x.png */ = {isa = PBXFileReference; lastKnownFileType = image.png; path = "Backgroundh@2x.png"; sourceTree = "<group>"; };
		DB0CF1E118C8CFF200943A15 /* tb-current.png */ = {isa = PBXFileReference; lastKnownFileType = image.png; path = "tb-current.png"; sourceTree = "<group>"; };
		DB0CF1E218C8CFF200943A15 /* tb-current@2x.png */ = {isa = PBXFileReference; lastKnownFileType = image.png; path = "tb-current@2x.png"; sourceTree = "<group>"; };
		DB0CF1E518C8D2E700943A15 /* Advance.png */ = {isa = PBXFileReference; lastKnownFileType = image.png; path = Advance.png; sourceTree = "<group>"; };
		DB0CF1E618C8D2E700943A15 /* Advance@2x.png */ = {isa = PBXFileReference; lastKnownFileType = image.png; path = "Advance@2x.png"; sourceTree = "<group>"; };
		DB0CF1ED18C90AEE00943A15 /* MJRefresh.bundle */ = {isa = PBXFileReference; lastKnownFileType = "wrapper.plug-in"; path = MJRefresh.bundle; sourceTree = "<group>"; };
		DB0CF1EE18C90AEE00943A15 /* MJRefresh.h */ = {isa = PBXFileReference; fileEncoding = 4; lastKnownFileType = sourcecode.c.h; path = MJRefresh.h; sourceTree = "<group>"; };
		DB0CF1EF18C90AEE00943A15 /* MJRefreshBaseView.h */ = {isa = PBXFileReference; fileEncoding = 4; lastKnownFileType = sourcecode.c.h; path = MJRefreshBaseView.h; sourceTree = "<group>"; };
		DB0CF1F018C90AEE00943A15 /* MJRefreshBaseView.m */ = {isa = PBXFileReference; fileEncoding = 4; lastKnownFileType = sourcecode.c.objc; path = MJRefreshBaseView.m; sourceTree = "<group>"; };
		DB0CF1F118C90AEE00943A15 /* MJRefreshConst.h */ = {isa = PBXFileReference; fileEncoding = 4; lastKnownFileType = sourcecode.c.h; path = MJRefreshConst.h; sourceTree = "<group>"; };
		DB0CF1F218C90AEE00943A15 /* MJRefreshConst.m */ = {isa = PBXFileReference; fileEncoding = 4; lastKnownFileType = sourcecode.c.objc; path = MJRefreshConst.m; sourceTree = "<group>"; };
		DB0CF1F318C90AEE00943A15 /* MJRefreshFooterView.h */ = {isa = PBXFileReference; fileEncoding = 4; lastKnownFileType = sourcecode.c.h; path = MJRefreshFooterView.h; sourceTree = "<group>"; };
		DB0CF1F418C90AEE00943A15 /* MJRefreshFooterView.m */ = {isa = PBXFileReference; fileEncoding = 4; lastKnownFileType = sourcecode.c.objc; path = MJRefreshFooterView.m; sourceTree = "<group>"; };
		DB0CF1F518C90AEE00943A15 /* MJRefreshHeaderView.h */ = {isa = PBXFileReference; fileEncoding = 4; lastKnownFileType = sourcecode.c.h; path = MJRefreshHeaderView.h; sourceTree = "<group>"; };
		DB0CF1F618C90AEE00943A15 /* MJRefreshHeaderView.m */ = {isa = PBXFileReference; fileEncoding = 4; lastKnownFileType = sourcecode.c.objc; path = MJRefreshHeaderView.m; sourceTree = "<group>"; };
		DB0CF1FF18CBB97900943A15 /* DataViewController.h */ = {isa = PBXFileReference; fileEncoding = 4; lastKnownFileType = sourcecode.c.h; path = DataViewController.h; sourceTree = "<group>"; };
		DB0CF20018CBB97900943A15 /* DataViewController.m */ = {isa = PBXFileReference; fileEncoding = 4; lastKnownFileType = sourcecode.c.objc; path = DataViewController.m; sourceTree = "<group>"; };
		DB0CF20218CBC47400943A15 /* LineLayout.h */ = {isa = PBXFileReference; fileEncoding = 4; lastKnownFileType = sourcecode.c.h; path = LineLayout.h; sourceTree = "<group>"; };
		DB0CF20318CBC47400943A15 /* LineLayout.m */ = {isa = PBXFileReference; fileEncoding = 4; lastKnownFileType = sourcecode.c.objc; path = LineLayout.m; sourceTree = "<group>"; };
		DB0CF20518CBC4B800943A15 /* dataCell.h */ = {isa = PBXFileReference; fileEncoding = 4; lastKnownFileType = sourcecode.c.h; path = dataCell.h; sourceTree = "<group>"; };
		DB0CF20618CBC4B800943A15 /* dataCell.m */ = {isa = PBXFileReference; fileEncoding = 4; lastKnownFileType = sourcecode.c.objc; path = dataCell.m; sourceTree = "<group>"; };
		DB0CF20818CD22B000943A15 /* add.png */ = {isa = PBXFileReference; lastKnownFileType = image.png; path = add.png; sourceTree = "<group>"; };
		DB0CF20918CD22B000943A15 /* add@2x.png */ = {isa = PBXFileReference; lastKnownFileType = image.png; path = "add@2x.png"; sourceTree = "<group>"; };
		DB1B29D719F2C79200994ABD /* article.png */ = {isa = PBXFileReference; lastKnownFileType = image.png; path = article.png; sourceTree = "<group>"; };
		DB2A232C19F00DC80026BCE1 /* NewsViewController.h */ = {isa = PBXFileReference; fileEncoding = 4; lastKnownFileType = sourcecode.c.h; path = NewsViewController.h; sourceTree = "<group>"; };
		DB2A232D19F00DC80026BCE1 /* NewsViewController.m */ = {isa = PBXFileReference; fileEncoding = 4; lastKnownFileType = sourcecode.c.objc; path = NewsViewController.m; sourceTree = "<group>"; };
		DB2A232E19F00DC80026BCE1 /* NewsViewController.xib */ = {isa = PBXFileReference; fileEncoding = 4; lastKnownFileType = file.xib; path = NewsViewController.xib; sourceTree = "<group>"; };
		DB2A233119F0524B0026BCE1 /* UIViewController+AGExtension.h */ = {isa = PBXFileReference; fileEncoding = 4; lastKnownFileType = sourcecode.c.h; path = "UIViewController+AGExtension.h"; sourceTree = "<group>"; };
		DB2A233219F0524B0026BCE1 /* UIViewController+AGExtension.m */ = {isa = PBXFileReference; fileEncoding = 4; lastKnownFileType = sourcecode.c.objc; path = "UIViewController+AGExtension.m"; sourceTree = "<group>"; };
		DB2C2AD717CD76250087C64C /* HomeTabViewController.h */ = {isa = PBXFileReference; fileEncoding = 4; lastKnownFileType = sourcecode.c.h; path = HomeTabViewController.h; sourceTree = "<group>"; };
		DB2C2AD817CD76250087C64C /* HomeTabViewController.m */ = {isa = PBXFileReference; fileEncoding = 4; lastKnownFileType = sourcecode.c.objc; path = HomeTabViewController.m; sourceTree = "<group>"; };
		DB2C2ADE17CD79710087C64C /* DMFilterView.h */ = {isa = PBXFileReference; fileEncoding = 4; lastKnownFileType = sourcecode.c.h; path = DMFilterView.h; sourceTree = "<group>"; };
		DB2C2ADF17CD79710087C64C /* DMFilterView.m */ = {isa = PBXFileReference; fileEncoding = 4; lastKnownFileType = sourcecode.c.objc; path = DMFilterView.m; sourceTree = "<group>"; };
		DB3AE5AB18DE1FFC000EE1AF /* libz.dylib */ = {isa = PBXFileReference; lastKnownFileType = "compiled.mach-o.dylib"; name = libz.dylib; path = usr/lib/libz.dylib; sourceTree = SDKROOT; };
		DB3CE94717CD9E79005C58E9 /* MDSlideNavigationViewController.h */ = {isa = PBXFileReference; fileEncoding = 4; lastKnownFileType = sourcecode.c.h; path = MDSlideNavigationViewController.h; sourceTree = "<group>"; };
		DB3CE94817CD9E79005C58E9 /* MDSlideNavigationViewController.m */ = {isa = PBXFileReference; fileEncoding = 4; lastKnownFileType = sourcecode.c.objc; path = MDSlideNavigationViewController.m; sourceTree = "<group>"; };
		DB3CE94A17CDBAB8005C58E9 /* SearchViewController.h */ = {isa = PBXFileReference; fileEncoding = 4; lastKnownFileType = sourcecode.c.h; path = SearchViewController.h; sourceTree = "<group>"; };
		DB3CE94B17CDBAB8005C58E9 /* SearchViewController.m */ = {isa = PBXFileReference; fileEncoding = 4; lastKnownFileType = sourcecode.c.objc; path = SearchViewController.m; sourceTree = "<group>"; };
		DB3CE94E17CDBB1B005C58E9 /* TFIndicatorView.h */ = {isa = PBXFileReference; fileEncoding = 4; lastKnownFileType = sourcecode.c.h; path = TFIndicatorView.h; sourceTree = "<group>"; };
		DB3CE94F17CDBB1B005C58E9 /* TFIndicatorView.m */ = {isa = PBXFileReference; fileEncoding = 4; lastKnownFileType = sourcecode.c.objc; path = TFIndicatorView.m; sourceTree = "<group>"; };
		DB64097F178C8E780074E77C /* Background.png */ = {isa = PBXFileReference; lastKnownFileType = image.png; path = Background.png; sourceTree = "<group>"; };
		DB640980178C8E780074E77C /* Background@2x.png */ = {isa = PBXFileReference; lastKnownFileType = image.png; path = "Background@2x.png"; sourceTree = "<group>"; };
		DB640991178C8E780074E77C /* IconPlaceholder.png */ = {isa = PBXFileReference; lastKnownFileType = image.png; path = IconPlaceholder.png; sourceTree = "<group>"; };
		DB64099F178C8E780074E77C /* Refresh.png */ = {isa = PBXFileReference; lastKnownFileType = image.png; path = Refresh.png; sourceTree = "<group>"; };
		DB6409A0178C8E780074E77C /* Refresh@2x.png */ = {isa = PBXFileReference; lastKnownFileType = image.png; path = "Refresh@2x.png"; sourceTree = "<group>"; };
		DB6409A1178C8E780074E77C /* Retreat.png */ = {isa = PBXFileReference; lastKnownFileType = image.png; path = Retreat.png; sourceTree = "<group>"; };
		DB6409A2178C8E780074E77C /* Retreat@2x.png */ = {isa = PBXFileReference; lastKnownFileType = image.png; path = "Retreat@2x.png"; sourceTree = "<group>"; };
		DB6409A3178C8E780074E77C /* Return.png */ = {isa = PBXFileReference; lastKnownFileType = image.png; path = Return.png; sourceTree = "<group>"; };
		DB6409A4178C8E780074E77C /* Return@2x.png */ = {isa = PBXFileReference; lastKnownFileType = image.png; path = "Return@2x.png"; sourceTree = "<group>"; };
		DB6409A5178C8E780074E77C /* search.png */ = {isa = PBXFileReference; lastKnownFileType = image.png; path = search.png; sourceTree = "<group>"; };
		DB6409A6178C8E780074E77C /* search@2x.png */ = {isa = PBXFileReference; lastKnownFileType = image.png; path = "search@2x.png"; sourceTree = "<group>"; };
		DB6409AF178C8E780074E77C /* top.png */ = {isa = PBXFileReference; lastKnownFileType = image.png; path = top.png; sourceTree = "<group>"; };
		DB6409B0178C8E780074E77C /* top@2x.png */ = {isa = PBXFileReference; lastKnownFileType = image.png; path = "top@2x.png"; sourceTree = "<group>"; };
		DB6411B617F475A700EA650B /* tabbarbg.png */ = {isa = PBXFileReference; lastKnownFileType = image.png; path = tabbarbg.png; sourceTree = "<group>"; };
		DB6411B717F475A700EA650B /* tabbarbg@2x.png */ = {isa = PBXFileReference; lastKnownFileType = image.png; path = "tabbarbg@2x.png"; sourceTree = "<group>"; };
		DB7831A51A560C8200C7E1A8 /* AGConstants.h */ = {isa = PBXFileReference; fileEncoding = 4; lastKnownFileType = sourcecode.c.h; path = AGConstants.h; sourceTree = "<group>"; };
		DB7831A61A56142300C7E1A8 /* Image.xcassets */ = {isa = PBXFileReference; lastKnownFileType = folder.assetcatalog; path = Image.xcassets; sourceTree = "<group>"; };
		DB890CB017CF2C3D0090EB4C /* Subcategories-pressed.png */ = {isa = PBXFileReference; lastKnownFileType = image.png; path = "Subcategories-pressed.png"; sourceTree = "<group>"; };
		DB890CB117CF2C3D0090EB4C /* Subcategories-pressed@2x.png */ = {isa = PBXFileReference; lastKnownFileType = image.png; path = "Subcategories-pressed@2x.png"; sourceTree = "<group>"; };
		DB890CB217CF2C3D0090EB4C /* Subcategories.png */ = {isa = PBXFileReference; lastKnownFileType = image.png; path = Subcategories.png; sourceTree = "<group>"; };
		DB890CB317CF2C3D0090EB4C /* Subcategories@2x.png */ = {isa = PBXFileReference; lastKnownFileType = image.png; path = "Subcategories@2x.png"; sourceTree = "<group>"; };
		DB890CBA17CF4CB60090EB4C /* HomeViewCell.h */ = {isa = PBXFileReference; fileEncoding = 4; lastKnownFileType = sourcecode.c.h; path = HomeViewCell.h; sourceTree = "<group>"; };
		DB890CBB17CF4CB60090EB4C /* HomeViewCell.m */ = {isa = PBXFileReference; fileEncoding = 4; lastKnownFileType = sourcecode.c.objc; path = HomeViewCell.m; sourceTree = "<group>"; };
		DB997BD717F5EDDF000145EC /* tb-icon-four.png */ = {isa = PBXFileReference; lastKnownFileType = image.png; path = "tb-icon-four.png"; sourceTree = "<group>"; };
		DB997BD817F5EDDF000145EC /* tb-icon-four@2x.png */ = {isa = PBXFileReference; lastKnownFileType = image.png; path = "tb-icon-four@2x.png"; sourceTree = "<group>"; };
		DB997BD917F5EDDF000145EC /* tb-icon-one.png */ = {isa = PBXFileReference; lastKnownFileType = image.png; path = "tb-icon-one.png"; sourceTree = "<group>"; };
		DB997BDA17F5EDDF000145EC /* tb-icon-one@2x.png */ = {isa = PBXFileReference; lastKnownFileType = image.png; path = "tb-icon-one@2x.png"; sourceTree = "<group>"; };
		DB997BDB17F5EDDF000145EC /* tb-icon-three.png */ = {isa = PBXFileReference; lastKnownFileType = image.png; path = "tb-icon-three.png"; sourceTree = "<group>"; };
		DB997BDC17F5EDDF000145EC /* tb-icon-three@2x.png */ = {isa = PBXFileReference; lastKnownFileType = image.png; path = "tb-icon-three@2x.png"; sourceTree = "<group>"; };
		DB997BDD17F5EDDF000145EC /* tb-icon-two.png */ = {isa = PBXFileReference; lastKnownFileType = image.png; path = "tb-icon-two.png"; sourceTree = "<group>"; };
		DB997BDE17F5EDDF000145EC /* tb-icon-two@2x.png */ = {isa = PBXFileReference; lastKnownFileType = image.png; path = "tb-icon-two@2x.png"; sourceTree = "<group>"; };
		DB9BA934176279DB0058168B /* HomeViewController.h */ = {isa = PBXFileReference; fileEncoding = 4; lastKnownFileType = sourcecode.c.h; path = HomeViewController.h; sourceTree = "<group>"; };
		DB9BA935176279DB0058168B /* HomeViewController.m */ = {isa = PBXFileReference; fileEncoding = 4; lastKnownFileType = sourcecode.c.objc; path = HomeViewController.m; sourceTree = "<group>"; };
		DB9BB61719ED9B0100FCFCCA /* Icon.xcassets */ = {isa = PBXFileReference; lastKnownFileType = folder.assetcatalog; path = Icon.xcassets; sourceTree = "<group>"; };
		DB9E857A1743B5FE00B0DFE4 /* AppDataSouce.h */ = {isa = PBXFileReference; fileEncoding = 4; lastKnownFileType = sourcecode.c.h; path = AppDataSouce.h; sourceTree = "<group>"; };
		DB9E857B1743B5FE00B0DFE4 /* AppDataSouce.m */ = {isa = PBXFileReference; fileEncoding = 4; lastKnownFileType = sourcecode.c.objc; path = AppDataSouce.m; sourceTree = "<group>"; };
		DB9E857D1744040300B0DFE4 /* GlobalConfigure.h */ = {isa = PBXFileReference; fileEncoding = 4; lastKnownFileType = sourcecode.c.h; path = GlobalConfigure.h; sourceTree = "<group>"; };
		DB9E9FCF16F2325500ED6B61 /* iVersion.bundle */ = {isa = PBXFileReference; lastKnownFileType = "wrapper.plug-in"; path = iVersion.bundle; sourceTree = "<group>"; };
		DB9E9FD016F2325500ED6B61 /* iVersion.h */ = {isa = PBXFileReference; fileEncoding = 4; lastKnownFileType = sourcecode.c.h; path = iVersion.h; sourceTree = "<group>"; };
		DB9E9FD116F2325500ED6B61 /* iVersion.m */ = {isa = PBXFileReference; fileEncoding = 4; lastKnownFileType = sourcecode.c.objc; path = iVersion.m; sourceTree = "<group>"; };
		DB9EAB531763BEEA00D870B1 /* HMSideMenu.h */ = {isa = PBXFileReference; fileEncoding = 4; lastKnownFileType = sourcecode.c.h; path = HMSideMenu.h; sourceTree = "<group>"; };
		DB9EAB541763BEEA00D870B1 /* HMSideMenu.m */ = {isa = PBXFileReference; fileEncoding = 4; lastKnownFileType = sourcecode.c.objc; path = HMSideMenu.m; sourceTree = "<group>"; };
		DB9EDD9C16E7B54D005C4CAC /* appgame.html */ = {isa = PBXFileReference; fileEncoding = 4; lastKnownFileType = text.html; path = appgame.html; sourceTree = "<group>"; };
		DB9F33D916F3296400B26B52 /* APService.h */ = {isa = PBXFileReference; fileEncoding = 4; lastKnownFileType = sourcecode.c.h; path = APService.h; sourceTree = "<group>"; };
		DB9F33DA16F3296400B26B52 /* libPushSDK-Simulator.a */ = {isa = PBXFileReference; lastKnownFileType = archive.ar; path = "libPushSDK-Simulator.a"; sourceTree = "<group>"; };
		DB9F33DB16F3296400B26B52 /* libPushSDK.a */ = {isa = PBXFileReference; lastKnownFileType = archive.ar; path = libPushSDK.a; sourceTree = "<group>"; };
		DB9F33DE16F3297C00B26B52 /* CFNetwork.framework */ = {isa = PBXFileReference; lastKnownFileType = wrapper.framework; name = CFNetwork.framework; path = System/Library/Frameworks/CFNetwork.framework; sourceTree = SDKROOT; };
		DB9F33E016F3299300B26B52 /* CoreFoundation.framework */ = {isa = PBXFileReference; lastKnownFileType = wrapper.framework; name = CoreFoundation.framework; path = System/Library/Frameworks/CoreFoundation.framework; sourceTree = SDKROOT; };
		DB9F33E216F3299F00B26B52 /* CoreTelephony.framework */ = {isa = PBXFileReference; lastKnownFileType = wrapper.framework; name = CoreTelephony.framework; path = System/Library/Frameworks/CoreTelephony.framework; sourceTree = SDKROOT; };
		DB9F33E416F32C7000B26B52 /* PushConfig.plist */ = {isa = PBXFileReference; fileEncoding = 4; lastKnownFileType = text.plist.xml; path = PushConfig.plist; sourceTree = "<group>"; };
		DB9F48671757BEE2002F9C29 /* libicucore.dylib */ = {isa = PBXFileReference; lastKnownFileType = "compiled.mach-o.dylib"; name = libicucore.dylib; path = usr/lib/libicucore.dylib; sourceTree = SDKROOT; };
		DB9F83241765113C00296CC8 /* VerticalSwipeScrollView.h */ = {isa = PBXFileReference; fileEncoding = 4; lastKnownFileType = sourcecode.c.h; path = VerticalSwipeScrollView.h; sourceTree = "<group>"; };
		DB9F83251765113C00296CC8 /* VerticalSwipeScrollView.m */ = {isa = PBXFileReference; fileEncoding = 4; lastKnownFileType = sourcecode.c.objc; path = VerticalSwipeScrollView.m; sourceTree = "<group>"; };
		DB9F83271765293500296CC8 /* PullArrow.png */ = {isa = PBXFileReference; lastKnownFileType = image.png; path = PullArrow.png; sourceTree = "<group>"; };
		DB9F83281765293500296CC8 /* PullArrow@2x.png */ = {isa = PBXFileReference; lastKnownFileType = image.png; path = "PullArrow@2x.png"; sourceTree = "<group>"; };
		DB9F832B176535C000296CC8 /* DetailViewController.h */ = {isa = PBXFileReference; fileEncoding = 4; lastKnownFileType = sourcecode.c.h; path = DetailViewController.h; sourceTree = "<group>"; };
		DB9F832C176535C000296CC8 /* DetailViewController.m */ = {isa = PBXFileReference; fileEncoding = 4; lastKnownFileType = sourcecode.c.objc; path = DetailViewController.m; sourceTree = "<group>"; };
		DB9FD82B16E228C800F206AE /* ArticleItem.h */ = {isa = PBXFileReference; fileEncoding = 4; lastKnownFileType = sourcecode.c.h; path = ArticleItem.h; sourceTree = "<group>"; };
		DB9FD82C16E228C800F206AE /* ArticleItem.m */ = {isa = PBXFileReference; fileEncoding = 4; lastKnownFileType = sourcecode.c.objc; path = ArticleItem.m; sourceTree = "<group>"; };
		DB9FD82E16E240F800F206AE /* ArticleItemCell.h */ = {isa = PBXFileReference; fileEncoding = 4; lastKnownFileType = sourcecode.c.h; path = ArticleItemCell.h; sourceTree = "<group>"; };
		DB9FD82F16E240F800F206AE /* ArticleItemCell.m */ = {isa = PBXFileReference; fileEncoding = 4; lastKnownFileType = sourcecode.c.objc; path = ArticleItemCell.m; sourceTree = "<group>"; };
		DB9FD83216E26AE200F206AE /* AFHTTPClient.h */ = {isa = PBXFileReference; fileEncoding = 4; lastKnownFileType = sourcecode.c.h; path = AFHTTPClient.h; sourceTree = "<group>"; };
		DB9FD83316E26AE200F206AE /* AFHTTPClient.m */ = {isa = PBXFileReference; fileEncoding = 4; lastKnownFileType = sourcecode.c.objc; path = AFHTTPClient.m; sourceTree = "<group>"; };
		DB9FD83416E26AE200F206AE /* AFHTTPRequestOperation.h */ = {isa = PBXFileReference; fileEncoding = 4; lastKnownFileType = sourcecode.c.h; path = AFHTTPRequestOperation.h; sourceTree = "<group>"; };
		DB9FD83516E26AE200F206AE /* AFHTTPRequestOperation.m */ = {isa = PBXFileReference; fileEncoding = 4; lastKnownFileType = sourcecode.c.objc; path = AFHTTPRequestOperation.m; sourceTree = "<group>"; };
		DB9FD83616E26AE200F206AE /* AFImageRequestOperation.h */ = {isa = PBXFileReference; fileEncoding = 4; lastKnownFileType = sourcecode.c.h; path = AFImageRequestOperation.h; sourceTree = "<group>"; };
		DB9FD83716E26AE200F206AE /* AFImageRequestOperation.m */ = {isa = PBXFileReference; fileEncoding = 4; lastKnownFileType = sourcecode.c.objc; path = AFImageRequestOperation.m; sourceTree = "<group>"; };
		DB9FD83816E26AE200F206AE /* AFJSONRequestOperation.h */ = {isa = PBXFileReference; fileEncoding = 4; lastKnownFileType = sourcecode.c.h; path = AFJSONRequestOperation.h; sourceTree = "<group>"; };
		DB9FD83916E26AE200F206AE /* AFJSONRequestOperation.m */ = {isa = PBXFileReference; fileEncoding = 4; lastKnownFileType = sourcecode.c.objc; path = AFJSONRequestOperation.m; sourceTree = "<group>"; };
		DB9FD83A16E26AE200F206AE /* AFNetworkActivityIndicatorManager.h */ = {isa = PBXFileReference; fileEncoding = 4; lastKnownFileType = sourcecode.c.h; path = AFNetworkActivityIndicatorManager.h; sourceTree = "<group>"; };
		DB9FD83B16E26AE200F206AE /* AFNetworkActivityIndicatorManager.m */ = {isa = PBXFileReference; fileEncoding = 4; lastKnownFileType = sourcecode.c.objc; path = AFNetworkActivityIndicatorManager.m; sourceTree = "<group>"; };
		DB9FD83C16E26AE200F206AE /* AFNetworking.h */ = {isa = PBXFileReference; fileEncoding = 4; lastKnownFileType = sourcecode.c.h; path = AFNetworking.h; sourceTree = "<group>"; };
		DB9FD83D16E26AE200F206AE /* AFOAuth2Client.h */ = {isa = PBXFileReference; fileEncoding = 4; lastKnownFileType = sourcecode.c.h; path = AFOAuth2Client.h; sourceTree = "<group>"; };
		DB9FD83E16E26AE200F206AE /* AFOAuth2Client.m */ = {isa = PBXFileReference; fileEncoding = 4; lastKnownFileType = sourcecode.c.objc; path = AFOAuth2Client.m; sourceTree = "<group>"; };
		DB9FD83F16E26AE200F206AE /* AFPropertyListRequestOperation.h */ = {isa = PBXFileReference; fileEncoding = 4; lastKnownFileType = sourcecode.c.h; path = AFPropertyListRequestOperation.h; sourceTree = "<group>"; };
		DB9FD84016E26AE200F206AE /* AFPropertyListRequestOperation.m */ = {isa = PBXFileReference; fileEncoding = 4; lastKnownFileType = sourcecode.c.objc; path = AFPropertyListRequestOperation.m; sourceTree = "<group>"; };
		DB9FD84116E26AE200F206AE /* AFURLConnectionOperation.h */ = {isa = PBXFileReference; fileEncoding = 4; lastKnownFileType = sourcecode.c.h; path = AFURLConnectionOperation.h; sourceTree = "<group>"; };
		DB9FD84216E26AE200F206AE /* AFURLConnectionOperation.m */ = {isa = PBXFileReference; fileEncoding = 4; lastKnownFileType = sourcecode.c.objc; path = AFURLConnectionOperation.m; sourceTree = "<group>"; };
		DB9FD84316E26AE200F206AE /* AFXMLRequestOperation.h */ = {isa = PBXFileReference; fileEncoding = 4; lastKnownFileType = sourcecode.c.h; path = AFXMLRequestOperation.h; sourceTree = "<group>"; };
		DB9FD84416E26AE200F206AE /* AFXMLRequestOperation.m */ = {isa = PBXFileReference; fileEncoding = 4; lastKnownFileType = sourcecode.c.objc; path = AFXMLRequestOperation.m; sourceTree = "<group>"; };
		DB9FD84516E26AE200F206AE /* UIImageView+AFNetworking.h */ = {isa = PBXFileReference; fileEncoding = 4; lastKnownFileType = sourcecode.c.h; path = "UIImageView+AFNetworking.h"; sourceTree = "<group>"; };
		DB9FD84616E26AE200F206AE /* UIImageView+AFNetworking.m */ = {isa = PBXFileReference; fileEncoding = 4; lastKnownFileType = sourcecode.c.objc; path = "UIImageView+AFNetworking.m"; sourceTree = "<group>"; };
		DB9FD85116E26B4300F206AE /* Security.framework */ = {isa = PBXFileReference; lastKnownFileType = wrapper.framework; name = Security.framework; path = System/Library/Frameworks/Security.framework; sourceTree = SDKROOT; };
		DB9FD85316E2863300F206AE /* SystemConfiguration.framework */ = {isa = PBXFileReference; lastKnownFileType = wrapper.framework; name = SystemConfiguration.framework; path = System/Library/Frameworks/SystemConfiguration.framework; sourceTree = SDKROOT; };
		DB9FD85516E2863A00F206AE /* MobileCoreServices.framework */ = {isa = PBXFileReference; lastKnownFileType = wrapper.framework; name = MobileCoreServices.framework; path = System/Library/Frameworks/MobileCoreServices.framework; sourceTree = SDKROOT; };
		DB9FD85816E2885900F206AE /* RSSItem.h */ = {isa = PBXFileReference; fileEncoding = 4; lastKnownFileType = sourcecode.c.h; path = RSSItem.h; sourceTree = "<group>"; };
		DB9FD85916E2885900F206AE /* RSSItem.m */ = {isa = PBXFileReference; fileEncoding = 4; lastKnownFileType = sourcecode.c.objc; path = RSSItem.m; sourceTree = "<group>"; };
		DB9FD85A16E2885900F206AE /* RSSParser.h */ = {isa = PBXFileReference; fileEncoding = 4; lastKnownFileType = sourcecode.c.h; path = RSSParser.h; sourceTree = "<group>"; };
		DB9FD85B16E2885900F206AE /* RSSParser.m */ = {isa = PBXFileReference; fileEncoding = 4; lastKnownFileType = sourcecode.c.objc; path = RSSParser.m; sourceTree = "<group>"; };
		DBA0154916D8AF89007B2AE5 /* 刀塔传奇攻略.app */ = {isa = PBXFileReference; explicitFileType = wrapper.application; includeInIndex = 0; path = "刀塔传奇攻略.app"; sourceTree = BUILT_PRODUCTS_DIR; };
		DBA0154C16D8AF89007B2AE5 /* UIKit.framework */ = {isa = PBXFileReference; lastKnownFileType = wrapper.framework; name = UIKit.framework; path = System/Library/Frameworks/UIKit.framework; sourceTree = SDKROOT; };
		DBA0154E16D8AF89007B2AE5 /* Foundation.framework */ = {isa = PBXFileReference; lastKnownFileType = wrapper.framework; name = Foundation.framework; path = System/Library/Frameworks/Foundation.framework; sourceTree = SDKROOT; };
		DBA0155016D8AF89007B2AE5 /* CoreGraphics.framework */ = {isa = PBXFileReference; lastKnownFileType = wrapper.framework; name = CoreGraphics.framework; path = System/Library/Frameworks/CoreGraphics.framework; sourceTree = SDKROOT; };
		DBA0155416D8AF89007B2AE5 /* RaidersDtcq.temp_caseinsensitive_rename-Info.plist */ = {isa = PBXFileReference; lastKnownFileType = text.plist.xml; path = "RaidersDtcq.temp_caseinsensitive_rename-Info.plist"; sourceTree = "<group>"; };
		DBA0155616D8AF89007B2AE5 /* en */ = {isa = PBXFileReference; lastKnownFileType = text.plist.strings; name = en; path = en.lproj/InfoPlist.strings; sourceTree = "<group>"; };
		DBA0155816D8AF89007B2AE5 /* main.m */ = {isa = PBXFileReference; lastKnownFileType = sourcecode.c.objc; path = main.m; sourceTree = "<group>"; };
		DBA0155A16D8AF89007B2AE5 /* RaidersDtcq.temp_caseinsensitive_rename-Prefix.pch */ = {isa = PBXFileReference; lastKnownFileType = sourcecode.c.h; path = "RaidersDtcq.temp_caseinsensitive_rename-Prefix.pch"; sourceTree = "<group>"; };
		DBA0155B16D8AF89007B2AE5 /* AppDelegate.h */ = {isa = PBXFileReference; lastKnownFileType = sourcecode.c.h; path = AppDelegate.h; sourceTree = "<group>"; };
		DBA0155C16D8AF89007B2AE5 /* AppDelegate.m */ = {isa = PBXFileReference; lastKnownFileType = sourcecode.c.objc; path = AppDelegate.m; sourceTree = "<group>"; };
		DBA015B116D8B0B7007B2AE5 /* NSObject+Subscripts.h */ = {isa = PBXFileReference; fileEncoding = 4; lastKnownFileType = sourcecode.c.h; path = "NSObject+Subscripts.h"; sourceTree = "<group>"; };
		DBA015B316D8B0B7007B2AE5 /* SVModalWebViewController.h */ = {isa = PBXFileReference; fileEncoding = 4; lastKnownFileType = sourcecode.c.h; path = SVModalWebViewController.h; sourceTree = "<group>"; };
		DBA015B416D8B0B7007B2AE5 /* SVModalWebViewController.m */ = {isa = PBXFileReference; fileEncoding = 4; lastKnownFileType = sourcecode.c.objc; path = SVModalWebViewController.m; sourceTree = "<group>"; };
		DBA015B516D8B0B7007B2AE5 /* SVWebViewController.bundle */ = {isa = PBXFileReference; lastKnownFileType = "wrapper.plug-in"; path = SVWebViewController.bundle; sourceTree = "<group>"; };
		DBA015B616D8B0B7007B2AE5 /* SVWebViewController.h */ = {isa = PBXFileReference; fileEncoding = 4; lastKnownFileType = sourcecode.c.h; path = SVWebViewController.h; sourceTree = "<group>"; };
		DBA015B716D8B0B7007B2AE5 /* SVWebViewController.m */ = {isa = PBXFileReference; fileEncoding = 4; lastKnownFileType = sourcecode.c.objc; path = SVWebViewController.m; sourceTree = "<group>"; };
		DBA0160E16D8B0FE007B2AE5 /* QuartzCore.framework */ = {isa = PBXFileReference; lastKnownFileType = wrapper.framework; name = QuartzCore.framework; path = System/Library/Frameworks/QuartzCore.framework; sourceTree = SDKROOT; };
		DBA0161016D8B104007B2AE5 /* MessageUI.framework */ = {isa = PBXFileReference; lastKnownFileType = wrapper.framework; name = MessageUI.framework; path = System/Library/Frameworks/MessageUI.framework; sourceTree = SDKROOT; };
		DBA2CA7517991B1100E75420 /* AudioToolbox.framework */ = {isa = PBXFileReference; lastKnownFileType = wrapper.framework; name = AudioToolbox.framework; path = System/Library/Frameworks/AudioToolbox.framework; sourceTree = SDKROOT; };
		DBA2CA7717991B3A00E75420 /* MediaPlayer.framework */ = {isa = PBXFileReference; lastKnownFileType = wrapper.framework; name = MediaPlayer.framework; path = System/Library/Frameworks/MediaPlayer.framework; sourceTree = SDKROOT; };
		DBA2CA7917991B4200E75420 /* AVFoundation.framework */ = {isa = PBXFileReference; lastKnownFileType = wrapper.framework; name = AVFoundation.framework; path = System/Library/Frameworks/AVFoundation.framework; sourceTree = SDKROOT; };
		DBA2CA7E17992BEE00E75420 /* CoreMedia.framework */ = {isa = PBXFileReference; lastKnownFileType = wrapper.framework; name = CoreMedia.framework; path = System/Library/Frameworks/CoreMedia.framework; sourceTree = SDKROOT; };
		DBA47D8617896B34004DE89E /* AKSegmentedControl.h */ = {isa = PBXFileReference; fileEncoding = 4; lastKnownFileType = sourcecode.c.h; path = AKSegmentedControl.h; sourceTree = "<group>"; };
		DBA47D8717896B34004DE89E /* AKSegmentedControl.m */ = {isa = PBXFileReference; fileEncoding = 4; lastKnownFileType = sourcecode.c.objc; path = AKSegmentedControl.m; sourceTree = "<group>"; };
		DBA7AC4C17F098DA003FD892 /* UIColor+Hex.h */ = {isa = PBXFileReference; fileEncoding = 4; lastKnownFileType = sourcecode.c.h; path = "UIColor+Hex.h"; sourceTree = "<group>"; };
		DBA7AC4D17F098DA003FD892 /* UIColor+Hex.m */ = {isa = PBXFileReference; fileEncoding = 4; lastKnownFileType = sourcecode.c.objc; path = "UIColor+Hex.m"; sourceTree = "<group>"; };
		DBA7AC4E17F098DA003FD892 /* UIView+InnerShadow.h */ = {isa = PBXFileReference; fileEncoding = 4; lastKnownFileType = sourcecode.c.h; path = "UIView+InnerShadow.h"; sourceTree = "<group>"; };
		DBA7AC4F17F098DA003FD892 /* UIView+InnerShadow.m */ = {isa = PBXFileReference; fileEncoding = 4; lastKnownFileType = sourcecode.c.objc; path = "UIView+InnerShadow.m"; sourceTree = "<group>"; };
		DBA7AC5017F098DA003FD892 /* UIView+Positioning.h */ = {isa = PBXFileReference; fileEncoding = 4; lastKnownFileType = sourcecode.c.h; path = "UIView+Positioning.h"; sourceTree = "<group>"; };
		DBA7AC5117F098DA003FD892 /* UIView+Positioning.m */ = {isa = PBXFileReference; fileEncoding = 4; lastKnownFileType = sourcecode.c.objc; path = "UIView+Positioning.m"; sourceTree = "<group>"; };
		DBA7AC5217F098DA003FD892 /* UIView+Size.h */ = {isa = PBXFileReference; fileEncoding = 4; lastKnownFileType = sourcecode.c.h; path = "UIView+Size.h"; sourceTree = "<group>"; };
		DBA7AC5317F098DA003FD892 /* UIView+Size.m */ = {isa = PBXFileReference; fileEncoding = 4; lastKnownFileType = sourcecode.c.objc; path = "UIView+Size.m"; sourceTree = "<group>"; };
		DBA7AC5517F098DA003FD892 /* JMSelectionView.h */ = {isa = PBXFileReference; fileEncoding = 4; lastKnownFileType = sourcecode.c.h; path = JMSelectionView.h; sourceTree = "<group>"; };
		DBA7AC5617F098DA003FD892 /* JMSelectionView.m */ = {isa = PBXFileReference; fileEncoding = 4; lastKnownFileType = sourcecode.c.objc; path = JMSelectionView.m; sourceTree = "<group>"; };
		DBA7AC5717F098DA003FD892 /* JMTabConstants.h */ = {isa = PBXFileReference; fileEncoding = 4; lastKnownFileType = sourcecode.c.h; path = JMTabConstants.h; sourceTree = "<group>"; };
		DBA7AC5817F098DA003FD892 /* JMTabContainer.h */ = {isa = PBXFileReference; fileEncoding = 4; lastKnownFileType = sourcecode.c.h; path = JMTabContainer.h; sourceTree = "<group>"; };
		DBA7AC5917F098DA003FD892 /* JMTabContainer.m */ = {isa = PBXFileReference; fileEncoding = 4; lastKnownFileType = sourcecode.c.objc; path = JMTabContainer.m; sourceTree = "<group>"; };
		DBA7AC5A17F098DA003FD892 /* JMTabItem.h */ = {isa = PBXFileReference; fileEncoding = 4; lastKnownFileType = sourcecode.c.h; path = JMTabItem.h; sourceTree = "<group>"; };
		DBA7AC5B17F098DA003FD892 /* JMTabItem.m */ = {isa = PBXFileReference; fileEncoding = 4; lastKnownFileType = sourcecode.c.objc; path = JMTabItem.m; sourceTree = "<group>"; };
		DBA7AC5C17F098DA003FD892 /* JMTabView.h */ = {isa = PBXFileReference; fileEncoding = 4; lastKnownFileType = sourcecode.c.h; path = JMTabView.h; sourceTree = "<group>"; };
		DBA7AC5D17F098DA003FD892 /* JMTabView.m */ = {isa = PBXFileReference; fileEncoding = 4; lastKnownFileType = sourcecode.c.objc; path = JMTabView.m; sourceTree = "<group>"; };
		DBA7AC5F17F098DA003FD892 /* BarBackgroundLayer.h */ = {isa = PBXFileReference; fileEncoding = 4; lastKnownFileType = sourcecode.c.h; path = BarBackgroundLayer.h; sourceTree = "<group>"; };
		DBA7AC6017F098DA003FD892 /* BarBackgroundLayer.m */ = {isa = PBXFileReference; fileEncoding = 4; lastKnownFileType = sourcecode.c.objc; path = BarBackgroundLayer.m; sourceTree = "<group>"; };
		DBA7AC6117F098DA003FD892 /* JMTabView-Prefix.pch */ = {isa = PBXFileReference; fileEncoding = 4; lastKnownFileType = sourcecode.c.h; path = "JMTabView-Prefix.pch"; sourceTree = "<group>"; };
		DBA7AC6D17F0A68C003FD892 /* IconPlaceholder@2x.png */ = {isa = PBXFileReference; lastKnownFileType = image.png; path = "IconPlaceholder@2x.png"; sourceTree = "<group>"; };
		DBA7AC8217F0AB0E003FD892 /* CustomBackgroundLayer.h */ = {isa = PBXFileReference; fileEncoding = 4; lastKnownFileType = sourcecode.c.h; path = CustomBackgroundLayer.h; sourceTree = "<group>"; };
		DBA7AC8317F0AB0E003FD892 /* CustomBackgroundLayer.m */ = {isa = PBXFileReference; fileEncoding = 4; lastKnownFileType = sourcecode.c.objc; path = CustomBackgroundLayer.m; sourceTree = "<group>"; };
		DBA7AC8417F0AB0E003FD892 /* CustomNoiseBackgroundView.h */ = {isa = PBXFileReference; fileEncoding = 4; lastKnownFileType = sourcecode.c.h; path = CustomNoiseBackgroundView.h; sourceTree = "<group>"; };
		DBA7AC8517F0AB0E003FD892 /* CustomNoiseBackgroundView.m */ = {isa = PBXFileReference; fileEncoding = 4; lastKnownFileType = sourcecode.c.objc; path = CustomNoiseBackgroundView.m; sourceTree = "<group>"; };
		DBA7AC8617F0AB0E003FD892 /* CustomSelectionView.h */ = {isa = PBXFileReference; fileEncoding = 4; lastKnownFileType = sourcecode.c.h; path = CustomSelectionView.h; sourceTree = "<group>"; };
		DBA7AC8717F0AB0E003FD892 /* CustomSelectionView.m */ = {isa = PBXFileReference; fileEncoding = 4; lastKnownFileType = sourcecode.c.objc; path = CustomSelectionView.m; sourceTree = "<group>"; };
		DBA7AC8817F0AB0E003FD892 /* CustomTabItem.h */ = {isa = PBXFileReference; fileEncoding = 4; lastKnownFileType = sourcecode.c.h; path = CustomTabItem.h; sourceTree = "<group>"; };
		DBA7AC8917F0AB0E003FD892 /* CustomTabItem.m */ = {isa = PBXFileReference; fileEncoding = 4; lastKnownFileType = sourcecode.c.objc; path = CustomTabItem.m; sourceTree = "<group>"; };
		DBBEC3B1181FFF15000EABD3 /* tb-icon-five.png */ = {isa = PBXFileReference; lastKnownFileType = image.png; path = "tb-icon-five.png"; sourceTree = "<group>"; };
		DBBEC3B2181FFF15000EABD3 /* tb-icon-five@2x.png */ = {isa = PBXFileReference; lastKnownFileType = image.png; path = "tb-icon-five@2x.png"; sourceTree = "<group>"; };
		DBC15A13171209AB00967301 /* MapKit.framework */ = {isa = PBXFileReference; lastKnownFileType = wrapper.framework; name = MapKit.framework; path = System/Library/Frameworks/MapKit.framework; sourceTree = SDKROOT; };
		DBC15A15171209B900967301 /* CoreLocation.framework */ = {isa = PBXFileReference; lastKnownFileType = wrapper.framework; name = CoreLocation.framework; path = System/Library/Frameworks/CoreLocation.framework; sourceTree = SDKROOT; };
		DBC5E94C18FC5472005DAB73 /* StoreKit.framework */ = {isa = PBXFileReference; lastKnownFileType = wrapper.framework; name = StoreKit.framework; path = System/Library/Frameworks/StoreKit.framework; sourceTree = SDKROOT; };
		DBDF6C7016E68C0700B07DA9 /* AlerViewManager.h */ = {isa = PBXFileReference; fileEncoding = 4; lastKnownFileType = sourcecode.c.h; path = AlerViewManager.h; sourceTree = "<group>"; };
		DBDF6C7116E68C0700B07DA9 /* AlerViewManager.m */ = {isa = PBXFileReference; fileEncoding = 4; lastKnownFileType = sourcecode.c.objc; path = AlerViewManager.m; sourceTree = "<group>"; };
		DBE4C0C618DEC9A500B195CB /* AVOSCloud.framework */ = {isa = PBXFileReference; lastKnownFileType = wrapper.framework; path = AVOSCloud.framework; sourceTree = "<group>"; };
		DBF11A5E17933D64005EA2C2 /* SearchItemCell.h */ = {isa = PBXFileReference; lastKnownFileType = sourcecode.c.h; path = SearchItemCell.h; sourceTree = "<group>"; };
		DBF11A5F17933D64005EA2C2 /* SearchItemCell.m */ = {isa = PBXFileReference; lastKnownFileType = sourcecode.c.objc; path = SearchItemCell.m; sourceTree = "<group>"; };
		DBF92EA817D1729300C368A3 /* segWebViewController.h */ = {isa = PBXFileReference; fileEncoding = 4; lastKnownFileType = sourcecode.c.h; path = segWebViewController.h; sourceTree = "<group>"; };
		DBF92EA917D1729300C368A3 /* segWebViewController.m */ = {isa = PBXFileReference; fileEncoding = 4; lastKnownFileType = sourcecode.c.objc; path = segWebViewController.m; sourceTree = "<group>"; };
/* End PBXFileReference section */

/* Begin PBXFrameworksBuildPhase section */
		DBA0154616D8AF89007B2AE5 /* Frameworks */ = {
			isa = PBXFrameworksBuildPhase;
			buildActionMask = 2147483647;
			files = (
				DB9F33E316F3299F00B26B52 /* CoreTelephony.framework in Frameworks */,
				DB9FD85616E2863A00F206AE /* MobileCoreServices.framework in Frameworks */,
				DB9FD85416E2863300F206AE /* SystemConfiguration.framework in Frameworks */,
				DBA2CA7F17992BEE00E75420 /* CoreMedia.framework in Frameworks */,
				DBA2CA7A17991B4200E75420 /* AVFoundation.framework in Frameworks */,
				DBA2CA7817991B3A00E75420 /* MediaPlayer.framework in Frameworks */,
				DBA0155116D8AF89007B2AE5 /* CoreGraphics.framework in Frameworks */,
				DBA0160F16D8B0FE007B2AE5 /* QuartzCore.framework in Frameworks */,
				DBA2CA7617991B1100E75420 /* AudioToolbox.framework in Frameworks */,
				DB9F48681757BEE2002F9C29 /* libicucore.dylib in Frameworks */,
				DBC15A16171209B900967301 /* CoreLocation.framework in Frameworks */,
				DBC15A14171209AC00967301 /* MapKit.framework in Frameworks */,
				DB9F33E116F3299300B26B52 /* CoreFoundation.framework in Frameworks */,
				DB9F33DF16F3297C00B26B52 /* CFNetwork.framework in Frameworks */,
				DBE4C0C718DEC9A500B195CB /* AVOSCloud.framework in Frameworks */,
				DB9FD85216E26B4300F206AE /* Security.framework in Frameworks */,
				DBA0161116D8B104007B2AE5 /* MessageUI.framework in Frameworks */,
				DBA0154D16D8AF89007B2AE5 /* UIKit.framework in Frameworks */,
				DBA0154F16D8AF89007B2AE5 /* Foundation.framework in Frameworks */,
				DB9F33DC16F3296400B26B52 /* libPushSDK-Simulator.a in Frameworks */,
				DB9F33DD16F3296400B26B52 /* libPushSDK.a in Frameworks */,
				DBC5E94D18FC5472005DAB73 /* StoreKit.framework in Frameworks */,
			);
			runOnlyForDeploymentPostprocessing = 0;
		};
/* End PBXFrameworksBuildPhase section */

/* Begin PBXGroup section */
		DB0CF1EC18C90AEE00943A15 /* MJRefresh */ = {
			isa = PBXGroup;
			children = (
				DB0CF1ED18C90AEE00943A15 /* MJRefresh.bundle */,
				DB0CF1EE18C90AEE00943A15 /* MJRefresh.h */,
				DB0CF1EF18C90AEE00943A15 /* MJRefreshBaseView.h */,
				DB0CF1F018C90AEE00943A15 /* MJRefreshBaseView.m */,
				DB0CF1F118C90AEE00943A15 /* MJRefreshConst.h */,
				DB0CF1F218C90AEE00943A15 /* MJRefreshConst.m */,
				DB0CF1F318C90AEE00943A15 /* MJRefreshFooterView.h */,
				DB0CF1F418C90AEE00943A15 /* MJRefreshFooterView.m */,
				DB0CF1F518C90AEE00943A15 /* MJRefreshHeaderView.h */,
				DB0CF1F618C90AEE00943A15 /* MJRefreshHeaderView.m */,
			);
			path = MJRefresh;
			sourceTree = "<group>";
		};
		DB3CE94617CD9E79005C58E9 /* MDSlideNavigation */ = {
			isa = PBXGroup;
			children = (
				DB3CE94717CD9E79005C58E9 /* MDSlideNavigationViewController.h */,
				DB3CE94817CD9E79005C58E9 /* MDSlideNavigationViewController.m */,
			);
			path = MDSlideNavigation;
			sourceTree = "<group>";
		};
		DB3CE94D17CDBB1B005C58E9 /* TFIndicatorView */ = {
			isa = PBXGroup;
			children = (
				DB3CE94E17CDBB1B005C58E9 /* TFIndicatorView.h */,
				DB3CE94F17CDBB1B005C58E9 /* TFIndicatorView.m */,
			);
			path = TFIndicatorView;
			sourceTree = "<group>";
		};
		DB64097A178C8E780074E77C /* Images */ = {
			isa = PBXGroup;
			children = (
				DB0CF20818CD22B000943A15 /* add.png */,
				DB0CF20918CD22B000943A15 /* add@2x.png */,
				DB1B29D719F2C79200994ABD /* article.png */,
				DBBEC3B1181FFF15000EABD3 /* tb-icon-five.png */,
				DBBEC3B2181FFF15000EABD3 /* tb-icon-five@2x.png */,
				DB997BD717F5EDDF000145EC /* tb-icon-four.png */,
				DB997BD817F5EDDF000145EC /* tb-icon-four@2x.png */,
				DB997BD917F5EDDF000145EC /* tb-icon-one.png */,
				DB997BDA17F5EDDF000145EC /* tb-icon-one@2x.png */,
				DB997BDB17F5EDDF000145EC /* tb-icon-three.png */,
				DB997BDC17F5EDDF000145EC /* tb-icon-three@2x.png */,
				DB997BDD17F5EDDF000145EC /* tb-icon-two.png */,
				DB997BDE17F5EDDF000145EC /* tb-icon-two@2x.png */,
				DB0CF1E118C8CFF200943A15 /* tb-current.png */,
				DB0CF1E218C8CFF200943A15 /* tb-current@2x.png */,
				DB6411B617F475A700EA650B /* tabbarbg.png */,
				DB6411B717F475A700EA650B /* tabbarbg@2x.png */,
				DB6409AF178C8E780074E77C /* top.png */,
				DB6409B0178C8E780074E77C /* top@2x.png */,
				DB64097F178C8E780074E77C /* Background.png */,
				DB640980178C8E780074E77C /* Background@2x.png */,
				DB0CF1DD18C8CE1E00943A15 /* Backgroundh.png */,
				DB0CF1DE18C8CE1E00943A15 /* Backgroundh@2x.png */,
				DB640991178C8E780074E77C /* IconPlaceholder.png */,
				DBA7AC6D17F0A68C003FD892 /* IconPlaceholder@2x.png */,
				DB64099F178C8E780074E77C /* Refresh.png */,
				DB6409A0178C8E780074E77C /* Refresh@2x.png */,
				DB6409A1178C8E780074E77C /* Retreat.png */,
				DB6409A2178C8E780074E77C /* Retreat@2x.png */,
				DB0CF1E518C8D2E700943A15 /* Advance.png */,
				DB0CF1E618C8D2E700943A15 /* Advance@2x.png */,
				DB6409A3178C8E780074E77C /* Return.png */,
				DB6409A4178C8E780074E77C /* Return@2x.png */,
				DB6409A5178C8E780074E77C /* search.png */,
				DB6409A6178C8E780074E77C /* search@2x.png */,
				DB7831A61A56142300C7E1A8 /* Image.xcassets */,
			);
			path = Images;
			sourceTree = "<group>";
		};
		DB9E85791743B5FE00B0DFE4 /* AppDataSouce */ = {
			isa = PBXGroup;
			children = (
				D2512E1A17CB20FB00FEA535 /* Globle.h */,
				D2512E1B17CB20FB00FEA535 /* Globle.m */,
				DB9E857D1744040300B0DFE4 /* GlobalConfigure.h */,
				DB9E857A1743B5FE00B0DFE4 /* AppDataSouce.h */,
				DB9E857B1743B5FE00B0DFE4 /* AppDataSouce.m */,
			);
			path = AppDataSouce;
			sourceTree = "<group>";
		};
		DB9E9FCE16F2325500ED6B61 /* iVersion */ = {
			isa = PBXGroup;
			children = (
				DB9E9FCF16F2325500ED6B61 /* iVersion.bundle */,
				DB9E9FD016F2325500ED6B61 /* iVersion.h */,
				DB9E9FD116F2325500ED6B61 /* iVersion.m */,
			);
			path = iVersion;
			sourceTree = "<group>";
		};
		DB9EAB521763BEEA00D870B1 /* HMSideMenu */ = {
			isa = PBXGroup;
			children = (
				DB9EAB531763BEEA00D870B1 /* HMSideMenu.h */,
				DB9EAB541763BEEA00D870B1 /* HMSideMenu.m */,
			);
			path = HMSideMenu;
			sourceTree = "<group>";
		};
		DB9F33D816F3296400B26B52 /* JPush-OpenUDID-1.5.2 */ = {
			isa = PBXGroup;
			children = (
				DB9F33D916F3296400B26B52 /* APService.h */,
				DB9F33DA16F3296400B26B52 /* libPushSDK-Simulator.a */,
				DB9F33DB16F3296400B26B52 /* libPushSDK.a */,
			);
			name = "JPush-OpenUDID-1.5.2";
			path = JPush;
			sourceTree = "<group>";
		};
		DB9FD83116E26AE200F206AE /* AFNetworking */ = {
			isa = PBXGroup;
			children = (
				DB9FD83216E26AE200F206AE /* AFHTTPClient.h */,
				DB9FD83316E26AE200F206AE /* AFHTTPClient.m */,
				DB9FD83416E26AE200F206AE /* AFHTTPRequestOperation.h */,
				DB9FD83516E26AE200F206AE /* AFHTTPRequestOperation.m */,
				DB9FD83616E26AE200F206AE /* AFImageRequestOperation.h */,
				DB9FD83716E26AE200F206AE /* AFImageRequestOperation.m */,
				DB9FD83816E26AE200F206AE /* AFJSONRequestOperation.h */,
				DB9FD83916E26AE200F206AE /* AFJSONRequestOperation.m */,
				DB9FD83A16E26AE200F206AE /* AFNetworkActivityIndicatorManager.h */,
				DB9FD83B16E26AE200F206AE /* AFNetworkActivityIndicatorManager.m */,
				DB9FD83C16E26AE200F206AE /* AFNetworking.h */,
				DB9FD83D16E26AE200F206AE /* AFOAuth2Client.h */,
				DB9FD83E16E26AE200F206AE /* AFOAuth2Client.m */,
				DB9FD83F16E26AE200F206AE /* AFPropertyListRequestOperation.h */,
				DB9FD84016E26AE200F206AE /* AFPropertyListRequestOperation.m */,
				DB9FD84116E26AE200F206AE /* AFURLConnectionOperation.h */,
				DB9FD84216E26AE200F206AE /* AFURLConnectionOperation.m */,
				DB9FD84316E26AE200F206AE /* AFXMLRequestOperation.h */,
				DB9FD84416E26AE200F206AE /* AFXMLRequestOperation.m */,
				DB9FD84516E26AE200F206AE /* UIImageView+AFNetworking.h */,
				DB9FD84616E26AE200F206AE /* UIImageView+AFNetworking.m */,
			);
			path = AFNetworking;
			sourceTree = "<group>";
		};
		DB9FD85716E2885900F206AE /* RSSParser */ = {
			isa = PBXGroup;
			children = (
				DB9FD85816E2885900F206AE /* RSSItem.h */,
				DB9FD85916E2885900F206AE /* RSSItem.m */,
				DB9FD85A16E2885900F206AE /* RSSParser.h */,
				DB9FD85B16E2885900F206AE /* RSSParser.m */,
			);
			path = RSSParser;
			sourceTree = "<group>";
		};
		DBA0154016D8AF89007B2AE5 = {
			isa = PBXGroup;
			children = (
				DB0CF1EC18C90AEE00943A15 /* MJRefresh */,
				DBA7AC4917F098DA003FD892 /* JMTabView */,
				DB3CE94D17CDBB1B005C58E9 /* TFIndicatorView */,
				DB3CE94617CD9E79005C58E9 /* MDSlideNavigation */,
				DB9F33D816F3296400B26B52 /* JPush-OpenUDID-1.5.2 */,
				DB64097A178C8E780074E77C /* Images */,
				DBA47D8517896B34004DE89E /* AKSegmentedControl */,
				DB9E9FCE16F2325500ED6B61 /* iVersion */,
				DBDF6C6F16E68C0700B07DA9 /* AlerViewManager */,
				DB9EAB521763BEEA00D870B1 /* HMSideMenu */,
				DBA015B116D8B0B7007B2AE5 /* NSObject+Subscripts.h */,
				DB7831A51A560C8200C7E1A8 /* AGConstants.h */,
				DB9FD85716E2885900F206AE /* RSSParser */,
				DB9FD83116E26AE200F206AE /* AFNetworking */,
				DB9E85791743B5FE00B0DFE4 /* AppDataSouce */,
				DBA015B216D8B0B7007B2AE5 /* SVWebViewController */,
				DBA015B816D8B0B7007B2AE5 /* ViewController */,
				DBA0155216D8AF89007B2AE5 /* AppGame */,
				DBA0154B16D8AF89007B2AE5 /* Frameworks */,
				DBA0154A16D8AF89007B2AE5 /* Products */,
				5946C348808D4D14A5940C67 /* Pods.xcconfig */,
			);
			sourceTree = "<group>";
		};
		DBA0154A16D8AF89007B2AE5 /* Products */ = {
			isa = PBXGroup;
			children = (
				DBA0154916D8AF89007B2AE5 /* 刀塔传奇攻略.app */,
			);
			name = Products;
			sourceTree = "<group>";
		};
		DBA0154B16D8AF89007B2AE5 /* Frameworks */ = {
			isa = PBXGroup;
			children = (
				DBC5E94C18FC5472005DAB73 /* StoreKit.framework */,
				DBE4C0C618DEC9A500B195CB /* AVOSCloud.framework */,
				DB3AE5AB18DE1FFC000EE1AF /* libz.dylib */,
				DBA2CA7E17992BEE00E75420 /* CoreMedia.framework */,
				DBA2CA7917991B4200E75420 /* AVFoundation.framework */,
				DBA2CA7717991B3A00E75420 /* MediaPlayer.framework */,
				DBA2CA7517991B1100E75420 /* AudioToolbox.framework */,
				DB9F48671757BEE2002F9C29 /* libicucore.dylib */,
				DB9FD85516E2863A00F206AE /* MobileCoreServices.framework */,
				DB9FD85116E26B4300F206AE /* Security.framework */,
				DBC15A15171209B900967301 /* CoreLocation.framework */,
				DBC15A13171209AB00967301 /* MapKit.framework */,
				DB9F33E216F3299F00B26B52 /* CoreTelephony.framework */,
				DB9F33E016F3299300B26B52 /* CoreFoundation.framework */,
				DB9FD85316E2863300F206AE /* SystemConfiguration.framework */,
				DB9F33DE16F3297C00B26B52 /* CFNetwork.framework */,
				DBA0160E16D8B0FE007B2AE5 /* QuartzCore.framework */,
				DBA0161016D8B104007B2AE5 /* MessageUI.framework */,
				DBA0154C16D8AF89007B2AE5 /* UIKit.framework */,
				DBA0154E16D8AF89007B2AE5 /* Foundation.framework */,
				DBA0155016D8AF89007B2AE5 /* CoreGraphics.framework */,
				1D63769ADD9847DEAEC2D2F7 /* libPods.a */,
			);
			name = Frameworks;
			sourceTree = "<group>";
		};
		DBA0155216D8AF89007B2AE5 /* AppGame */ = {
			isa = PBXGroup;
			children = (
				DBA0155B16D8AF89007B2AE5 /* AppDelegate.h */,
				DBA0155C16D8AF89007B2AE5 /* AppDelegate.m */,
				DBA0155316D8AF89007B2AE5 /* Supporting Files */,
			);
			path = AppGame;
			sourceTree = "<group>";
		};
		DBA0155316D8AF89007B2AE5 /* Supporting Files */ = {
			isa = PBXGroup;
			children = (
				DB9EDD9C16E7B54D005C4CAC /* appgame.html */,
				DBA0155416D8AF89007B2AE5 /* RaidersDtcq.temp_caseinsensitive_rename-Info.plist */,
				DBA0155516D8AF89007B2AE5 /* InfoPlist.strings */,
				DBA0155816D8AF89007B2AE5 /* main.m */,
				DBA0155A16D8AF89007B2AE5 /* RaidersDtcq.temp_caseinsensitive_rename-Prefix.pch */,
				DB9F33E416F32C7000B26B52 /* PushConfig.plist */,
				DB9BB61719ED9B0100FCFCCA /* Icon.xcassets */,
			);
			name = "Supporting Files";
			sourceTree = "<group>";
		};
		DBA015B216D8B0B7007B2AE5 /* SVWebViewController */ = {
			isa = PBXGroup;
			children = (
				D2512E1717CB20EE00FEA535 /* GHRootViewController.h */,
				D2512E1817CB20EE00FEA535 /* GHRootViewController.m */,
				DB9F832B176535C000296CC8 /* DetailViewController.h */,
				DB9F832C176535C000296CC8 /* DetailViewController.m */,
				DB9F83271765293500296CC8 /* PullArrow.png */,
				DB9F83281765293500296CC8 /* PullArrow@2x.png */,
				DB9F83241765113C00296CC8 /* VerticalSwipeScrollView.h */,
				DB9F83251765113C00296CC8 /* VerticalSwipeScrollView.m */,
				DBA015B316D8B0B7007B2AE5 /* SVModalWebViewController.h */,
				DBA015B416D8B0B7007B2AE5 /* SVModalWebViewController.m */,
				DBA015B516D8B0B7007B2AE5 /* SVWebViewController.bundle */,
				DBA015B616D8B0B7007B2AE5 /* SVWebViewController.h */,
				DBA015B716D8B0B7007B2AE5 /* SVWebViewController.m */,
			);
			path = SVWebViewController;
			sourceTree = "<group>";
		};
		DBA015B816D8B0B7007B2AE5 /* ViewController */ = {
			isa = PBXGroup;
			children = (
				DB2A233119F0524B0026BCE1 /* UIViewController+AGExtension.h */,
				DB2A233219F0524B0026BCE1 /* UIViewController+AGExtension.m */,
				DB0CF20518CBC4B800943A15 /* dataCell.h */,
				DB0CF20618CBC4B800943A15 /* dataCell.m */,
				DB0CF20218CBC47400943A15 /* LineLayout.h */,
				DB0CF20318CBC47400943A15 /* LineLayout.m */,
				DB890CBA17CF4CB60090EB4C /* HomeViewCell.h */,
				DB890CBB17CF4CB60090EB4C /* HomeViewCell.m */,
				DB2C2ADE17CD79710087C64C /* DMFilterView.h */,
				DB2C2ADF17CD79710087C64C /* DMFilterView.m */,
				DB3CE94A17CDBAB8005C58E9 /* SearchViewController.h */,
				DB3CE94B17CDBAB8005C58E9 /* SearchViewController.m */,
				DBF11A5E17933D64005EA2C2 /* SearchItemCell.h */,
				DBF11A5F17933D64005EA2C2 /* SearchItemCell.m */,
				DB9FD82B16E228C800F206AE /* ArticleItem.h */,
				DB9FD82C16E228C800F206AE /* ArticleItem.m */,
				DB9FD82E16E240F800F206AE /* ArticleItemCell.h */,
				DB9FD82F16E240F800F206AE /* ArticleItemCell.m */,
				DB9BA934176279DB0058168B /* HomeViewController.h */,
				DB9BA935176279DB0058168B /* HomeViewController.m */,
				DB0CF1FF18CBB97900943A15 /* DataViewController.h */,
				DB0CF20018CBB97900943A15 /* DataViewController.m */,
				DBF92EA817D1729300C368A3 /* segWebViewController.h */,
				DBF92EA917D1729300C368A3 /* segWebViewController.m */,
				DB2C2AD717CD76250087C64C /* HomeTabViewController.h */,
				DB2C2AD817CD76250087C64C /* HomeTabViewController.m */,
				DB2A232C19F00DC80026BCE1 /* NewsViewController.h */,
				DB2A232D19F00DC80026BCE1 /* NewsViewController.m */,
				DB2A232E19F00DC80026BCE1 /* NewsViewController.xib */,
			);
			path = ViewController;
			sourceTree = "<group>";
		};
		DBA47D8517896B34004DE89E /* AKSegmentedControl */ = {
			isa = PBXGroup;
			children = (
				DB890CB017CF2C3D0090EB4C /* Subcategories-pressed.png */,
				DB890CB117CF2C3D0090EB4C /* Subcategories-pressed@2x.png */,
				DB890CB217CF2C3D0090EB4C /* Subcategories.png */,
				DB890CB317CF2C3D0090EB4C /* Subcategories@2x.png */,
				DBA47D8617896B34004DE89E /* AKSegmentedControl.h */,
				DBA47D8717896B34004DE89E /* AKSegmentedControl.m */,
			);
			path = AKSegmentedControl;
			sourceTree = "<group>";
		};
		DBA7AC4917F098DA003FD892 /* JMTabView */ = {
			isa = PBXGroup;
			children = (
				DBA7AC8117F0AB0E003FD892 /* Custom */,
				DBA7AC4A17F098DA003FD892 /* Classes */,
				DBA7AC6117F098DA003FD892 /* JMTabView-Prefix.pch */,
			);
			path = JMTabView;
			sourceTree = "<group>";
		};
		DBA7AC4A17F098DA003FD892 /* Classes */ = {
			isa = PBXGroup;
			children = (
				DBA7AC4B17F098DA003FD892 /* Categories */,
				DBA7AC5417F098DA003FD892 /* Subviews */,
			);
			path = Classes;
			sourceTree = "<group>";
		};
		DBA7AC4B17F098DA003FD892 /* Categories */ = {
			isa = PBXGroup;
			children = (
				DBA7AC4C17F098DA003FD892 /* UIColor+Hex.h */,
				DBA7AC4D17F098DA003FD892 /* UIColor+Hex.m */,
				DBA7AC4E17F098DA003FD892 /* UIView+InnerShadow.h */,
				DBA7AC4F17F098DA003FD892 /* UIView+InnerShadow.m */,
				DBA7AC5017F098DA003FD892 /* UIView+Positioning.h */,
				DBA7AC5117F098DA003FD892 /* UIView+Positioning.m */,
				DBA7AC5217F098DA003FD892 /* UIView+Size.h */,
				DBA7AC5317F098DA003FD892 /* UIView+Size.m */,
			);
			path = Categories;
			sourceTree = "<group>";
		};
		DBA7AC5417F098DA003FD892 /* Subviews */ = {
			isa = PBXGroup;
			children = (
				DBA7AC5517F098DA003FD892 /* JMSelectionView.h */,
				DBA7AC5617F098DA003FD892 /* JMSelectionView.m */,
				DBA7AC5717F098DA003FD892 /* JMTabConstants.h */,
				DBA7AC5817F098DA003FD892 /* JMTabContainer.h */,
				DBA7AC5917F098DA003FD892 /* JMTabContainer.m */,
				DBA7AC5A17F098DA003FD892 /* JMTabItem.h */,
				DBA7AC5B17F098DA003FD892 /* JMTabItem.m */,
				DBA7AC5C17F098DA003FD892 /* JMTabView.h */,
				DBA7AC5D17F098DA003FD892 /* JMTabView.m */,
				DBA7AC5E17F098DA003FD892 /* Layers */,
			);
			path = Subviews;
			sourceTree = "<group>";
		};
		DBA7AC5E17F098DA003FD892 /* Layers */ = {
			isa = PBXGroup;
			children = (
				DBA7AC5F17F098DA003FD892 /* BarBackgroundLayer.h */,
				DBA7AC6017F098DA003FD892 /* BarBackgroundLayer.m */,
			);
			path = Layers;
			sourceTree = "<group>";
		};
		DBA7AC8117F0AB0E003FD892 /* Custom */ = {
			isa = PBXGroup;
			children = (
				DBA7AC8217F0AB0E003FD892 /* CustomBackgroundLayer.h */,
				DBA7AC8317F0AB0E003FD892 /* CustomBackgroundLayer.m */,
				DBA7AC8417F0AB0E003FD892 /* CustomNoiseBackgroundView.h */,
				DBA7AC8517F0AB0E003FD892 /* CustomNoiseBackgroundView.m */,
				DBA7AC8617F0AB0E003FD892 /* CustomSelectionView.h */,
				DBA7AC8717F0AB0E003FD892 /* CustomSelectionView.m */,
				DBA7AC8817F0AB0E003FD892 /* CustomTabItem.h */,
				DBA7AC8917F0AB0E003FD892 /* CustomTabItem.m */,
			);
			path = Custom;
			sourceTree = "<group>";
		};
		DBDF6C6F16E68C0700B07DA9 /* AlerViewManager */ = {
			isa = PBXGroup;
			children = (
				DBDF6C7016E68C0700B07DA9 /* AlerViewManager.h */,
				DBDF6C7116E68C0700B07DA9 /* AlerViewManager.m */,
			);
			path = AlerViewManager;
			sourceTree = "<group>";
		};
/* End PBXGroup section */

/* Begin PBXNativeTarget section */
		DBA0154816D8AF89007B2AE5 /* RaidersDtcq.temp_caseinsensitive_rename */ = {
			isa = PBXNativeTarget;
			buildConfigurationList = DBA0156616D8AF89007B2AE5 /* Build configuration list for PBXNativeTarget "RaidersDtcq.temp_caseinsensitive_rename" */;
			buildPhases = (
				2932542C4DA9499F8C7CAF67 /* Check Pods Manifest.lock */,
				DBA0154516D8AF89007B2AE5 /* Sources */,
				DBA0154616D8AF89007B2AE5 /* Frameworks */,
				DBA0154716D8AF89007B2AE5 /* Resources */,
				D2385D5C54D746DC9B96F893 /* Copy Pods Resources */,
			);
			buildRules = (
			);
			dependencies = (
			);
			name = RaidersDtcq.temp_caseinsensitive_rename;
			productName = AppGame;
			productReference = DBA0154916D8AF89007B2AE5 /* 刀塔传奇攻略.app */;
			productType = "com.apple.product-type.application";
		};
/* End PBXNativeTarget section */

/* Begin PBXProject section */
		DBA0154116D8AF89007B2AE5 /* Project object */ = {
			isa = PBXProject;
			attributes = {
				LastUpgradeCheck = 0510;
				ORGANIZATIONNAME = "计 炜";
				TargetAttributes = {
					DBA0154816D8AF89007B2AE5 = {
						DevelopmentTeam = 9ATJLJZ6BL;
						SystemCapabilities = {
							com.apple.BackgroundModes = {
								enabled = 0;
							};
							com.apple.InAppPurchase = {
								enabled = 1;
							};
							com.apple.iOS = {
								enabled = 0;
							};
						};
					};
				};
			};
			buildConfigurationList = DBA0154416D8AF89007B2AE5 /* Build configuration list for PBXProject "RaidersDtcq" */;
			compatibilityVersion = "Xcode 3.2";
			developmentRegion = English;
			hasScannedForEncodings = 0;
			knownRegions = (
				en,
			);
			mainGroup = DBA0154016D8AF89007B2AE5;
			productRefGroup = DBA0154A16D8AF89007B2AE5 /* Products */;
			projectDirPath = "";
			projectRoot = "";
			targets = (
				DBA0154816D8AF89007B2AE5 /* RaidersDtcq.temp_caseinsensitive_rename */,
			);
		};
/* End PBXProject section */

/* Begin PBXResourcesBuildPhase section */
		DBA0154716D8AF89007B2AE5 /* Resources */ = {
			isa = PBXResourcesBuildPhase;
			buildActionMask = 2147483647;
			files = (
				DBA0155716D8AF89007B2AE5 /* InfoPlist.strings in Resources */,
				DBA0160716D8B0B7007B2AE5 /* SVWebViewController.bundle in Resources */,
				DB0CF20A18CD22B000943A15 /* add.png in Resources */,
				DB9EDD9D16E7B54D005C4CAC /* appgame.html in Resources */,
				DB9E9FD216F2325500ED6B61 /* iVersion.bundle in Resources */,
				DB9F33E516F32C7000B26B52 /* PushConfig.plist in Resources */,
				DB9F83291765293500296CC8 /* PullArrow.png in Resources */,
				DB7831A71A56142300C7E1A8 /* Image.xcassets in Resources */,
				DB9F832A1765293500296CC8 /* PullArrow@2x.png in Resources */,
				DB0CF1E418C8CFF200943A15 /* tb-current@2x.png in Resources */,
				DB6409D0178C8E780074E77C /* Background.png in Resources */,
				DB6409D1178C8E780074E77C /* Background@2x.png in Resources */,
				DB0CF1E818C8D2E700943A15 /* Advance@2x.png in Resources */,
				DB6409E2178C8E780074E77C /* IconPlaceholder.png in Resources */,
				DB6409F0178C8E780074E77C /* Refresh.png in Resources */,
				DB6409F1178C8E780074E77C /* Refresh@2x.png in Resources */,
				DB6409F2178C8E780074E77C /* Retreat.png in Resources */,
				DB6409F3178C8E780074E77C /* Retreat@2x.png in Resources */,
				DB6409F4178C8E780074E77C /* Return.png in Resources */,
				DB6409F5178C8E780074E77C /* Return@2x.png in Resources */,
				DB6409F6178C8E780074E77C /* search.png in Resources */,
				DB0CF1E718C8D2E700943A15 /* Advance.png in Resources */,
				DB6409F7178C8E780074E77C /* search@2x.png in Resources */,
				DB640A00178C8E780074E77C /* top.png in Resources */,
				DB640A01178C8E780074E77C /* top@2x.png in Resources */,
				DB890CB617CF2C3D0090EB4C /* Subcategories-pressed.png in Resources */,
				DB890CB717CF2C3D0090EB4C /* Subcategories-pressed@2x.png in Resources */,
				DB1B29D819F2C79200994ABD /* article.png in Resources */,
				DB890CB817CF2C3D0090EB4C /* Subcategories.png in Resources */,
				DB9BB61819ED9B0100FCFCCA /* Icon.xcassets in Resources */,
				DB890CB917CF2C3D0090EB4C /* Subcategories@2x.png in Resources */,
				DBA7AC7817F0A68C003FD892 /* IconPlaceholder@2x.png in Resources */,
				DB6411B817F475A700EA650B /* tabbarbg.png in Resources */,
				DB0CF20B18CD22B000943A15 /* add@2x.png in Resources */,
				DB6411B917F475A700EA650B /* tabbarbg@2x.png in Resources */,
				DB997BDF17F5EDDF000145EC /* tb-icon-four.png in Resources */,
				DB997BE017F5EDDF000145EC /* tb-icon-four@2x.png in Resources */,
				DB0CF1F718C90AEE00943A15 /* MJRefresh.bundle in Resources */,
				DB997BE117F5EDDF000145EC /* tb-icon-one.png in Resources */,
				DB997BE217F5EDDF000145EC /* tb-icon-one@2x.png in Resources */,
				DB997BE317F5EDDF000145EC /* tb-icon-three.png in Resources */,
				DB997BE417F5EDDF000145EC /* tb-icon-three@2x.png in Resources */,
				DB997BE517F5EDDF000145EC /* tb-icon-two.png in Resources */,
				DB997BE617F5EDDF000145EC /* tb-icon-two@2x.png in Resources */,
				DBBEC3B3181FFF15000EABD3 /* tb-icon-five.png in Resources */,
				DBBEC3B4181FFF15000EABD3 /* tb-icon-five@2x.png in Resources */,
				DB0CF1E018C8CE1E00943A15 /* Backgroundh@2x.png in Resources */,
				DB2A233019F00DC80026BCE1 /* NewsViewController.xib in Resources */,
				DB0CF1DF18C8CE1E00943A15 /* Backgroundh.png in Resources */,
				DB0CF1E318C8CFF200943A15 /* tb-current.png in Resources */,
			);
			runOnlyForDeploymentPostprocessing = 0;
		};
/* End PBXResourcesBuildPhase section */

/* Begin PBXShellScriptBuildPhase section */
		2932542C4DA9499F8C7CAF67 /* Check Pods Manifest.lock */ = {
			isa = PBXShellScriptBuildPhase;
			buildActionMask = 2147483647;
			files = (
			);
			inputPaths = (
			);
			name = "Check Pods Manifest.lock";
			outputPaths = (
			);
			runOnlyForDeploymentPostprocessing = 0;
			shellPath = /bin/sh;
			shellScript = "diff \"${PODS_ROOT}/../Podfile.lock\" \"${PODS_ROOT}/Manifest.lock\" > /dev/null\nif [[ $? != 0 ]] ; then\n    cat << EOM\nerror: The sandbox is not in sync with the Podfile.lock. Run 'pod install' or update your CocoaPods installation.\nEOM\n    exit 1\nfi\n";
			showEnvVarsInLog = 0;
		};
		D2385D5C54D746DC9B96F893 /* Copy Pods Resources */ = {
			isa = PBXShellScriptBuildPhase;
			buildActionMask = 2147483647;
			files = (
			);
			inputPaths = (
			);
			name = "Copy Pods Resources";
			outputPaths = (
			);
			runOnlyForDeploymentPostprocessing = 0;
			shellPath = /bin/sh;
			shellScript = "\"${SRCROOT}/Pods/Pods-resources.sh\"\n";
			showEnvVarsInLog = 0;
		};
/* End PBXShellScriptBuildPhase section */

/* Begin PBXSourcesBuildPhase section */
		DBA0154516D8AF89007B2AE5 /* Sources */ = {
			isa = PBXSourcesBuildPhase;
			buildActionMask = 2147483647;
			files = (
				DBF11A6017934CF2005EA2C2 /* SearchItemCell.m in Sources */,
				DBA0155916D8AF89007B2AE5 /* main.m in Sources */,
				DBA0155D16D8AF89007B2AE5 /* AppDelegate.m in Sources */,
				DBA0160616D8B0B7007B2AE5 /* SVModalWebViewController.m in Sources */,
				DBA0160816D8B0B7007B2AE5 /* SVWebViewController.m in Sources */,
				DB9FD82D16E228C800F206AE /* ArticleItem.m in Sources */,
				DB0CF1FB18C90AEE00943A15 /* MJRefreshHeaderView.m in Sources */,
				DB0CF1F818C90AEE00943A15 /* MJRefreshBaseView.m in Sources */,
				DB9FD83016E240F800F206AE /* ArticleItemCell.m in Sources */,
				DB9FD84716E26AE200F206AE /* AFHTTPClient.m in Sources */,
				DB9FD84816E26AE200F206AE /* AFHTTPRequestOperation.m in Sources */,
				DB9FD84916E26AE200F206AE /* AFImageRequestOperation.m in Sources */,
				DB9FD84A16E26AE200F206AE /* AFJSONRequestOperation.m in Sources */,
				DB9FD84B16E26AE200F206AE /* AFNetworkActivityIndicatorManager.m in Sources */,
				DB9FD84C16E26AE200F206AE /* AFOAuth2Client.m in Sources */,
				DB9FD84D16E26AE200F206AE /* AFPropertyListRequestOperation.m in Sources */,
				DB9FD84E16E26AE200F206AE /* AFURLConnectionOperation.m in Sources */,
				DB9FD84F16E26AE200F206AE /* AFXMLRequestOperation.m in Sources */,
				DB9FD85016E26AE200F206AE /* UIImageView+AFNetworking.m in Sources */,
				DB0CF1FA18C90AEE00943A15 /* MJRefreshFooterView.m in Sources */,
				DB9FD85C16E2885900F206AE /* RSSItem.m in Sources */,
				DB9FD85D16E2885900F206AE /* RSSParser.m in Sources */,
				DB0CF1F918C90AEE00943A15 /* MJRefreshConst.m in Sources */,
				DBDF6C7216E68C0700B07DA9 /* AlerViewManager.m in Sources */,
				DB9E9FD316F2325500ED6B61 /* iVersion.m in Sources */,
				DBF92EAA17D1729300C368A3 /* segWebViewController.m in Sources */,
				DB9E857C1743B5FE00B0DFE4 /* AppDataSouce.m in Sources */,
				DB9BA936176279DB0058168B /* HomeViewController.m in Sources */,
				DB0CF20418CBC47400943A15 /* LineLayout.m in Sources */,
				DB9EAB551763BEEA00D870B1 /* HMSideMenu.m in Sources */,
				DB9F83261765113C00296CC8 /* VerticalSwipeScrollView.m in Sources */,
				DB9F832D176535C000296CC8 /* DetailViewController.m in Sources */,
				DBA47D9A17896B34004DE89E /* AKSegmentedControl.m in Sources */,
				D2512E1917CB20EE00FEA535 /* GHRootViewController.m in Sources */,
				D2512E1C17CB20FB00FEA535 /* Globle.m in Sources */,
				DB2C2AD917CD76250087C64C /* HomeTabViewController.m in Sources */,
				DB2C2AE217CD79710087C64C /* DMFilterView.m in Sources */,
				DB3CE94917CD9E79005C58E9 /* MDSlideNavigationViewController.m in Sources */,
				DB3CE94C17CDBAB8005C58E9 /* SearchViewController.m in Sources */,
				DB3CE95017CDBB1B005C58E9 /* TFIndicatorView.m in Sources */,
				DB890CBC17CF4CB60090EB4C /* HomeViewCell.m in Sources */,
				DB0CF20118CBB97900943A15 /* DataViewController.m in Sources */,
				DBA7AC6217F098DA003FD892 /* UIColor+Hex.m in Sources */,
				DBA7AC6317F098DA003FD892 /* UIView+InnerShadow.m in Sources */,
				DBA7AC6417F098DA003FD892 /* UIView+Positioning.m in Sources */,
				DBA7AC6517F098DA003FD892 /* UIView+Size.m in Sources */,
				DBA7AC6617F098DA003FD892 /* JMSelectionView.m in Sources */,
				DBA7AC6717F098DA003FD892 /* JMTabContainer.m in Sources */,
				DBA7AC6817F098DA003FD892 /* JMTabItem.m in Sources */,
				DBA7AC6917F098DA003FD892 /* JMTabView.m in Sources */,
				DBA7AC6A17F098DA003FD892 /* BarBackgroundLayer.m in Sources */,
				DBA7AC8A17F0AB0E003FD892 /* CustomBackgroundLayer.m in Sources */,
				DBA7AC8B17F0AB0E003FD892 /* CustomNoiseBackgroundView.m in Sources */,
				DB0CF20718CBC4B800943A15 /* dataCell.m in Sources */,
				DB2A232F19F00DC80026BCE1 /* NewsViewController.m in Sources */,
				DBA7AC8C17F0AB0E003FD892 /* CustomSelectionView.m in Sources */,
				DB2A233319F0524B0026BCE1 /* UIViewController+AGExtension.m in Sources */,
				DBA7AC8D17F0AB0E003FD892 /* CustomTabItem.m in Sources */,
			);
			runOnlyForDeploymentPostprocessing = 0;
		};
/* End PBXSourcesBuildPhase section */

/* Begin PBXVariantGroup section */
		DBA0155516D8AF89007B2AE5 /* InfoPlist.strings */ = {
			isa = PBXVariantGroup;
			children = (
				DBA0155616D8AF89007B2AE5 /* en */,
			);
			name = InfoPlist.strings;
			sourceTree = "<group>";
		};
/* End PBXVariantGroup section */

/* Begin XCBuildConfiguration section */
		DBA0156416D8AF89007B2AE5 /* Debug */ = {
			isa = XCBuildConfiguration;
			buildSettings = {
				ALWAYS_SEARCH_USER_PATHS = YES;
				ARCHS = "$(ARCHS_STANDARD)";
				CLANG_CXX_LANGUAGE_STANDARD = "gnu++0x";
				CLANG_CXX_LIBRARY = "libc++";
				CLANG_ENABLE_OBJC_ARC = YES;
				CLANG_WARN_CONSTANT_CONVERSION = YES;
				CLANG_WARN_EMPTY_BODY = YES;
				CLANG_WARN_ENUM_CONVERSION = YES;
				CLANG_WARN_INT_CONVERSION = YES;
				CLANG_WARN__DUPLICATE_METHOD_MATCH = YES;
				CODE_SIGN_IDENTITY = "iPhone Developer: App Game (HY872Y64YR)";
				"CODE_SIGN_IDENTITY[sdk=iphoneos*]" = "iPhone Developer: App Game (HY872Y64YR)";
				COPY_PHASE_STRIP = NO;
				GCC_C_LANGUAGE_STANDARD = gnu99;
				GCC_DYNAMIC_NO_PIC = NO;
				GCC_OPTIMIZATION_LEVEL = 0;
				GCC_PREPROCESSOR_DEFINITIONS = (
					"DEBUG=1",
					"$(inherited)",
				);
				GCC_SYMBOLS_PRIVATE_EXTERN = NO;
				GCC_WARN_ABOUT_RETURN_TYPE = YES;
				GCC_WARN_UNINITIALIZED_AUTOS = YES;
				GCC_WARN_UNUSED_VARIABLE = YES;
				IPHONEOS_DEPLOYMENT_TARGET = 6.1;
				LIBRARY_SEARCH_PATHS = "$(SRCROOT)/JPush";
				ONLY_ACTIVE_ARCH = YES;
				OTHER_LDFLAGS = "";
				PROVISIONING_PROFILE = "5C391A4A-F20B-4D87-94A9-697CBE5CFE17";
				"PROVISIONING_PROFILE[sdk=iphoneos*]" = "5C391A4A-F20B-4D87-94A9-697CBE5CFE17";
				SDKROOT = iphoneos;
				USER_HEADER_SEARCH_PATHS = "$(SRCROOT)/JPush \"${PROJECT_DIR}/QuickDialog\"/**";
				VALID_ARCHS = "armv7 armv7s";
			};
			name = Debug;
		};
		DBA0156516D8AF89007B2AE5 /* Release */ = {
			isa = XCBuildConfiguration;
			buildSettings = {
				ALWAYS_SEARCH_USER_PATHS = YES;
				ARCHS = "$(ARCHS_STANDARD)";
				CLANG_CXX_LANGUAGE_STANDARD = "gnu++0x";
				CLANG_CXX_LIBRARY = "libc++";
				CLANG_ENABLE_OBJC_ARC = YES;
				CLANG_WARN_CONSTANT_CONVERSION = YES;
				CLANG_WARN_EMPTY_BODY = YES;
				CLANG_WARN_ENUM_CONVERSION = YES;
				CLANG_WARN_INT_CONVERSION = YES;
				CLANG_WARN__DUPLICATE_METHOD_MATCH = YES;
				CODE_SIGN_IDENTITY = "iPhone Distribution: Ge Liang (9ATJLJZ6BL)";
				"CODE_SIGN_IDENTITY[sdk=iphoneos*]" = "iPhone Distribution: Ge Liang (9ATJLJZ6BL)";
				COPY_PHASE_STRIP = YES;
				GCC_C_LANGUAGE_STANDARD = gnu99;
				GCC_WARN_ABOUT_RETURN_TYPE = YES;
				GCC_WARN_UNINITIALIZED_AUTOS = YES;
				GCC_WARN_UNUSED_VARIABLE = YES;
				IPHONEOS_DEPLOYMENT_TARGET = 6.1;
				LIBRARY_SEARCH_PATHS = "$(SRCROOT)/JPush";
				ONLY_ACTIVE_ARCH = NO;
				OTHER_CFLAGS = "-DNS_BLOCK_ASSERTIONS=1";
				OTHER_LDFLAGS = "";
				PROVISIONING_PROFILE = "6B6563AF-1A92-44BF-9DF4-5AA231DE750B";
				"PROVISIONING_PROFILE[sdk=iphoneos*]" = "6B6563AF-1A92-44BF-9DF4-5AA231DE750B";
				SDKROOT = iphoneos;
				USER_HEADER_SEARCH_PATHS = "$(SRCROOT)/JPush \"${PROJECT_DIR}/QuickDialog\"/**";
				VALIDATE_PRODUCT = YES;
				VALID_ARCHS = "armv7 armv7s";
			};
			name = Release;
		};
		DBA0156716D8AF89007B2AE5 /* Debug */ = {
			isa = XCBuildConfiguration;
			baseConfigurationReference = 5946C348808D4D14A5940C67 /* Pods.xcconfig */;
			buildSettings = {
				ARCHS = (
					armv7s,
					armv7,
				);
				ASSETCATALOG_COMPILER_APPICON_NAME = AppIcon;
				ASSETCATALOG_COMPILER_LAUNCHIMAGE_NAME = LaunchImage;
				CODE_SIGN_IDENTITY = "iPhone Developer: App Game (HY872Y64YR)";
				FRAMEWORK_SEARCH_PATHS = (
					"$(inherited)",
					/Users/solidji/code/RaidersDTCQ,
				);
				GCC_PRECOMPILE_PREFIX_HEADER = YES;
				GCC_PREFIX_HEADER = "AppGame/RaidersDtcq.temp_caseinsensitive_rename-Prefix.pch";
				INFOPLIST_FILE = "AppGame/RaidersDtcq.temp_caseinsensitive_rename-Info.plist";
				IPHONEOS_DEPLOYMENT_TARGET = 6.1;
				LIBRARY_SEARCH_PATHS = (
					"$(inherited)",
					"\"$(SRCROOT)/JPush\"",
				);
				ONLY_ACTIVE_ARCH = YES;
				OTHER_LDFLAGS = "";
				PRODUCT_NAME = "刀塔传奇攻略";
				PROVISIONING_PROFILE = "5c7817eb-3e09-4fd3-af60-878cc4d1a6d2";
				"PROVISIONING_PROFILE[sdk=iphoneos*]" = "5c7817eb-3e09-4fd3-af60-878cc4d1a6d2";
				USER_HEADER_SEARCH_PATHS = "$(SRCROOT)/JPush";
				VALID_ARCHS = "armv7 armv7s";
				WRAPPER_EXTENSION = app;
			};
			name = Debug;
		};
		DBA0156816D8AF89007B2AE5 /* Release */ = {
			isa = XCBuildConfiguration;
			baseConfigurationReference = 5946C348808D4D14A5940C67 /* Pods.xcconfig */;
			buildSettings = {
				ARCHS = (
					armv7s,
					armv7,
				);
				ASSETCATALOG_COMPILER_APPICON_NAME = AppIcon;
				ASSETCATALOG_COMPILER_LAUNCHIMAGE_NAME = LaunchImage;
				CODE_SIGN_IDENTITY = "iPhone Distribution: Ge Liang (9ATJLJZ6BL)";
				FRAMEWORK_SEARCH_PATHS = (
					"$(inherited)",
					/Users/solidji/code/RaidersDTCQ,
				);
				GCC_PRECOMPILE_PREFIX_HEADER = YES;
				GCC_PREFIX_HEADER = "AppGame/RaidersDtcq.temp_caseinsensitive_rename-Prefix.pch";
				INFOPLIST_FILE = "AppGame/RaidersDtcq.temp_caseinsensitive_rename-Info.plist";
				IPHONEOS_DEPLOYMENT_TARGET = 6.1;
				LIBRARY_SEARCH_PATHS = (
					"$(inherited)",
					"\"$(SRCROOT)/JPush\"",
				);
				ONLY_ACTIVE_ARCH = NO;
				OTHER_LDFLAGS = "";
				PRODUCT_NAME = "刀塔传奇攻略";
				PROVISIONING_PROFILE = "6B6563AF-1A92-44BF-9DF4-5AA231DE750B";
				"PROVISIONING_PROFILE[sdk=iphoneos*]" = "6B6563AF-1A92-44BF-9DF4-5AA231DE750B";
				USER_HEADER_SEARCH_PATHS = "$(SRCROOT)/JPush";
				VALID_ARCHS = "armv7 armv7s";
				WRAPPER_EXTENSION = app;
			};
			name = Release;
		};
/* End XCBuildConfiguration section */

/* Begin XCConfigurationList section */
		DBA0154416D8AF89007B2AE5 /* Build configuration list for PBXProject "RaidersDtcq" */ = {
			isa = XCConfigurationList;
			buildConfigurations = (
				DBA0156416D8AF89007B2AE5 /* Debug */,
				DBA0156516D8AF89007B2AE5 /* Release */,
			);
			defaultConfigurationIsVisible = 0;
			defaultConfigurationName = Release;
		};
		DBA0156616D8AF89007B2AE5 /* Build configuration list for PBXNativeTarget "RaidersDtcq.temp_caseinsensitive_rename" */ = {
			isa = XCConfigurationList;
			buildConfigurations = (
				DBA0156716D8AF89007B2AE5 /* Debug */,
				DBA0156816D8AF89007B2AE5 /* Release */,
			);
			defaultConfigurationIsVisible = 0;
			defaultConfigurationName = Release;
		};
/* End XCConfigurationList section */
	};
	rootObject = DBA0154116D8AF89007B2AE5 /* Project object */;
}
